{
  "version": 4,
  "terraform_version": "0.12.26",
  "serial": 61,
  "lineage": "9c8e9e2c-edcb-1ca9-68e4-db45756f18cd",
  "outputs": {
    "vault_user_id": {
      "value": "AKIA3D3XGHY2H7ZPPDFU",
      "type": "string"
    },
    "vault_user_secret": {
      "value": "D67MLO+ePI4wxjvOsjSjZ7NNSItii1Y3JUyY+452",
      "type": "string"
    }
  },
  "resources": [
    {
      "module": "module.eks-jx.module.cluster.module.eks",
      "mode": "data",
      "type": "aws_ami",
      "name": "eks_worker",
      "provider": "module.eks-jx.provider.aws",
      "instances": [
        {
          "schema_version": 0,
          "attributes": {
            "architecture": "x86_64",
            "block_device_mappings": [
              {
                "device_name": "/dev/xvda",
                "ebs": {
                  "delete_on_termination": "true",
                  "encrypted": "false",
                  "iops": "0",
                  "snapshot_id": "snap-00f4cdf0bc81cbd45",
                  "volume_size": "20",
                  "volume_type": "gp2"
                },
                "no_device": "",
                "virtual_name": ""
              }
            ],
            "creation_date": "2020-06-09T20:03:23.000Z",
            "description": "EKS Kubernetes Worker AMI with AmazonLinux2 image, (k8s: 1.15.11, docker:19.03.6ce-4.amzn2)",
            "executable_users": null,
            "filter": [
              {
                "name": "name",
                "values": [
                  "amazon-eks-node-1.15-v*"
                ]
              }
            ],
            "hypervisor": "xen",
            "id": "ami-032663a68f9fba9c4",
            "image_id": "ami-032663a68f9fba9c4",
            "image_location": "amazon/amazon-eks-node-1.15-v20200609",
            "image_owner_alias": "amazon",
            "image_type": "machine",
            "kernel_id": null,
            "most_recent": true,
            "name": "amazon-eks-node-1.15-v20200609",
            "name_regex": null,
            "owner_id": "602401143452",
            "owners": [
              "602401143452"
            ],
            "platform": null,
            "product_codes": [],
            "public": true,
            "ramdisk_id": null,
            "root_device_name": "/dev/xvda",
            "root_device_type": "ebs",
            "root_snapshot_id": "snap-00f4cdf0bc81cbd45",
            "sriov_net_support": "simple",
            "state": "available",
            "state_reason": {
              "code": "UNSET",
              "message": "UNSET"
            },
            "tags": {},
            "virtualization_type": "hvm"
          }
        }
      ]
    },
    {
      "module": "module.eks-jx.module.cluster.module.eks",
      "mode": "data",
      "type": "aws_ami",
      "name": "eks_worker_windows",
      "provider": "module.eks-jx.provider.aws",
      "instances": [
        {
          "schema_version": 0,
          "attributes": {
            "architecture": "x86_64",
            "block_device_mappings": [
              {
                "device_name": "/dev/sda1",
                "ebs": {
                  "delete_on_termination": "true",
                  "encrypted": "false",
                  "iops": "0",
                  "snapshot_id": "snap-02f4dc5592ca419cd",
                  "volume_size": "50",
                  "volume_type": "gp2"
                },
                "no_device": "",
                "virtual_name": ""
              },
              {
                "device_name": "xvdca",
                "ebs": {},
                "no_device": "",
                "virtual_name": "ephemeral0"
              },
              {
                "device_name": "xvdcb",
                "ebs": {},
                "no_device": "",
                "virtual_name": "ephemeral1"
              },
              {
                "device_name": "xvdcc",
                "ebs": {},
                "no_device": "",
                "virtual_name": "ephemeral2"
              },
              {
                "device_name": "xvdcd",
                "ebs": {},
                "no_device": "",
                "virtual_name": "ephemeral3"
              },
              {
                "device_name": "xvdce",
                "ebs": {},
                "no_device": "",
                "virtual_name": "ephemeral4"
              },
              {
                "device_name": "xvdcf",
                "ebs": {},
                "no_device": "",
                "virtual_name": "ephemeral5"
              },
              {
                "device_name": "xvdcg",
                "ebs": {},
                "no_device": "",
                "virtual_name": "ephemeral6"
              },
              {
                "device_name": "xvdch",
                "ebs": {},
                "no_device": "",
                "virtual_name": "ephemeral7"
              },
              {
                "device_name": "xvdci",
                "ebs": {},
                "no_device": "",
                "virtual_name": "ephemeral8"
              },
              {
                "device_name": "xvdcj",
                "ebs": {},
                "no_device": "",
                "virtual_name": "ephemeral9"
              },
              {
                "device_name": "xvdck",
                "ebs": {},
                "no_device": "",
                "virtual_name": "ephemeral10"
              },
              {
                "device_name": "xvdcl",
                "ebs": {},
                "no_device": "",
                "virtual_name": "ephemeral11"
              },
              {
                "device_name": "xvdcm",
                "ebs": {},
                "no_device": "",
                "virtual_name": "ephemeral12"
              },
              {
                "device_name": "xvdcn",
                "ebs": {},
                "no_device": "",
                "virtual_name": "ephemeral13"
              },
              {
                "device_name": "xvdco",
                "ebs": {},
                "no_device": "",
                "virtual_name": "ephemeral14"
              },
              {
                "device_name": "xvdcp",
                "ebs": {},
                "no_device": "",
                "virtual_name": "ephemeral15"
              },
              {
                "device_name": "xvdcq",
                "ebs": {},
                "no_device": "",
                "virtual_name": "ephemeral16"
              },
              {
                "device_name": "xvdcr",
                "ebs": {},
                "no_device": "",
                "virtual_name": "ephemeral17"
              },
              {
                "device_name": "xvdcs",
                "ebs": {},
                "no_device": "",
                "virtual_name": "ephemeral18"
              },
              {
                "device_name": "xvdct",
                "ebs": {},
                "no_device": "",
                "virtual_name": "ephemeral19"
              },
              {
                "device_name": "xvdcu",
                "ebs": {},
                "no_device": "",
                "virtual_name": "ephemeral20"
              },
              {
                "device_name": "xvdcv",
                "ebs": {},
                "no_device": "",
                "virtual_name": "ephemeral21"
              },
              {
                "device_name": "xvdcw",
                "ebs": {},
                "no_device": "",
                "virtual_name": "ephemeral22"
              },
              {
                "device_name": "xvdcx",
                "ebs": {},
                "no_device": "",
                "virtual_name": "ephemeral23"
              },
              {
                "device_name": "xvdcy",
                "ebs": {},
                "no_device": "",
                "virtual_name": "ephemeral24"
              },
              {
                "device_name": "xvdcz",
                "ebs": {},
                "no_device": "",
                "virtual_name": "ephemeral25"
              }
            ],
            "creation_date": "2020-06-10T08:01:35.000Z",
            "description": "Microsoft Windows Server 2019 Core optimized for EKS and provided by Amazon",
            "executable_users": null,
            "filter": [
              {
                "name": "name",
                "values": [
                  "Windows_Server-2019-English-Core-EKS_Optimized-1.15-*"
                ]
              },
              {
                "name": "platform",
                "values": [
                  "windows"
                ]
              }
            ],
            "hypervisor": "xen",
            "id": "ami-0833cb2a0b111a700",
            "image_id": "ami-0833cb2a0b111a700",
            "image_location": "amazon/Windows_Server-2019-English-Core-EKS_Optimized-1.15-2020.06.10",
            "image_owner_alias": "amazon",
            "image_type": "machine",
            "kernel_id": null,
            "most_recent": true,
            "name": "Windows_Server-2019-English-Core-EKS_Optimized-1.15-2020.06.10",
            "name_regex": null,
            "owner_id": "801119661308",
            "owners": [
              "801119661308"
            ],
            "platform": "windows",
            "product_codes": [],
            "public": true,
            "ramdisk_id": null,
            "root_device_name": "/dev/sda1",
            "root_device_type": "ebs",
            "root_snapshot_id": "snap-02f4dc5592ca419cd",
            "sriov_net_support": "simple",
            "state": "available",
            "state_reason": {
              "code": "UNSET",
              "message": "UNSET"
            },
            "tags": {},
            "virtualization_type": "hvm"
          }
        }
      ]
    },
    {
      "module": "module.eks-jx.module.cluster",
      "mode": "data",
      "type": "aws_availability_zones",
      "name": "available",
      "provider": "module.eks-jx.provider.aws",
      "instances": [
        {
          "schema_version": 0,
          "attributes": {
            "all_availability_zones": null,
            "blacklisted_names": null,
            "blacklisted_zone_ids": null,
            "filter": null,
            "group_names": [
              "us-east-1"
            ],
            "id": "2020-06-22 13:13:48.1690677 +0000 UTC",
            "names": [
              "us-east-1a",
              "us-east-1b",
              "us-east-1c",
              "us-east-1d",
              "us-east-1e",
              "us-east-1f"
            ],
            "state": null,
            "zone_ids": [
              "use1-az4",
              "use1-az6",
              "use1-az1",
              "use1-az2",
              "use1-az3",
              "use1-az5"
            ]
          }
        }
      ]
    },
    {
      "module": "module.eks-jx.module.cluster.module.iam_assumable_role_cm_cainjector",
      "mode": "data",
      "type": "aws_caller_identity",
      "name": "current",
      "provider": "module.eks-jx.provider.aws",
      "instances": [
        {
          "schema_version": 0,
          "attributes": {
            "account_id": "764217278004",
            "arn": "arn:aws:iam::764217278004:user/testUdacity_wsl_Dell",
            "id": "2020-06-22 13:13:48.5946799 +0000 UTC",
            "user_id": "AIDA3D3XGHY2AMOBAEDVW"
          }
        }
      ]
    },
    {
      "module": "module.eks-jx.module.cluster.module.iam_assumable_role_external_dns",
      "mode": "data",
      "type": "aws_caller_identity",
      "name": "current",
      "provider": "module.eks-jx.provider.aws",
      "instances": [
        {
          "schema_version": 0,
          "attributes": {
            "account_id": "764217278004",
            "arn": "arn:aws:iam::764217278004:user/testUdacity_wsl_Dell",
            "id": "2020-06-22 13:13:48.6210623 +0000 UTC",
            "user_id": "AIDA3D3XGHY2AMOBAEDVW"
          }
        }
      ]
    },
    {
      "module": "module.eks-jx.module.cluster.module.eks",
      "mode": "data",
      "type": "aws_caller_identity",
      "name": "current",
      "provider": "module.eks-jx.provider.aws",
      "instances": [
        {
          "schema_version": 0,
          "attributes": {
            "account_id": "764217278004",
            "arn": "arn:aws:iam::764217278004:user/testUdacity_wsl_Dell",
            "id": "2020-06-22 13:13:48.6117758 +0000 UTC",
            "user_id": "AIDA3D3XGHY2AMOBAEDVW"
          }
        }
      ]
    },
    {
      "module": "module.eks-jx.module.cluster.module.iam_assumable_role_controllerbuild",
      "mode": "data",
      "type": "aws_caller_identity",
      "name": "current",
      "provider": "module.eks-jx.provider.aws",
      "instances": [
        {
          "schema_version": 0,
          "attributes": {
            "account_id": "764217278004",
            "arn": "arn:aws:iam::764217278004:user/testUdacity_wsl_Dell",
            "id": "2020-06-22 13:13:48.6249806 +0000 UTC",
            "user_id": "AIDA3D3XGHY2AMOBAEDVW"
          }
        }
      ]
    },
    {
      "module": "module.eks-jx.module.cluster.module.iam_assumable_role_jxui",
      "mode": "data",
      "type": "aws_caller_identity",
      "name": "current",
      "provider": "module.eks-jx.provider.aws",
      "instances": [
        {
          "schema_version": 0,
          "attributes": {
            "account_id": "764217278004",
            "arn": "arn:aws:iam::764217278004:user/testUdacity_wsl_Dell",
            "id": "2020-06-22 13:13:48.6231188 +0000 UTC",
            "user_id": "AIDA3D3XGHY2AMOBAEDVW"
          }
        }
      ]
    },
    {
      "module": "module.eks-jx.module.cluster.module.iam_assumable_role_cert_manager",
      "mode": "data",
      "type": "aws_caller_identity",
      "name": "current",
      "provider": "module.eks-jx.provider.aws",
      "instances": [
        {
          "schema_version": 0,
          "attributes": {
            "account_id": "764217278004",
            "arn": "arn:aws:iam::764217278004:user/testUdacity_wsl_Dell",
            "id": "2020-06-22 13:13:48.6156215 +0000 UTC",
            "user_id": "AIDA3D3XGHY2AMOBAEDVW"
          }
        }
      ]
    },
    {
      "module": "module.eks-jx.module.cluster.module.iam_assumable_role_tekton_bot",
      "mode": "data",
      "type": "aws_caller_identity",
      "name": "current",
      "provider": "module.eks-jx.provider.aws",
      "instances": [
        {
          "schema_version": 0,
          "attributes": {
            "account_id": "764217278004",
            "arn": "arn:aws:iam::764217278004:user/testUdacity_wsl_Dell",
            "id": "2020-06-22 13:13:48.6137173 +0000 UTC",
            "user_id": "AIDA3D3XGHY2AMOBAEDVW"
          }
        }
      ]
    },
    {
      "module": "module.eks-jx.module.cluster",
      "mode": "data",
      "type": "aws_caller_identity",
      "name": "current",
      "provider": "module.eks-jx.provider.aws",
      "instances": [
        {
          "schema_version": 0,
          "attributes": {
            "account_id": "764217278004",
            "arn": "arn:aws:iam::764217278004:user/testUdacity_wsl_Dell",
            "id": "2020-06-22 13:13:49.0687944 +0000 UTC",
            "user_id": "AIDA3D3XGHY2AMOBAEDVW"
          }
        }
      ]
    },
    {
      "module": "module.eks-jx.module.vault",
      "mode": "data",
      "type": "aws_caller_identity",
      "name": "current",
      "provider": "module.eks-jx.provider.aws",
      "instances": [
        {
          "schema_version": 0,
          "attributes": {
            "account_id": "764217278004",
            "arn": "arn:aws:iam::764217278004:user/testUdacity_wsl_Dell",
            "id": "2020-06-22 13:13:48.6043046 +0000 UTC",
            "user_id": "AIDA3D3XGHY2AMOBAEDVW"
          }
        }
      ]
    },
    {
      "module": "module.eks-jx.module.cluster",
      "mode": "data",
      "type": "aws_eks_cluster",
      "name": "cluster",
      "provider": "module.eks-jx.provider.aws",
      "instances": [
        {
          "schema_version": 0,
          "attributes": {
            "arn": "arn:aws:eks:us-east-1:764217278004:cluster/tf-jx-evolved-mullet",
            "certificate_authority": [
              {
                "data": "LS0tLS1CRUdJTiBDRVJUSUZJQ0FURS0tLS0tCk1JSUN5RENDQWJDZ0F3SUJBZ0lCQURBTkJna3Foa2lHOXcwQkFRc0ZBREFWTVJNd0VRWURWUVFERXdwcmRXSmwKY201bGRHVnpNQjRYRFRJd01EWXlNakV6TWpNME9Wb1hEVE13TURZeU1ERXpNak0wT1Zvd0ZURVRNQkVHQTFVRQpBeE1LYTNWaVpYSnVaWFJsY3pDQ0FTSXdEUVlKS29aSWh2Y05BUUVCQlFBRGdnRVBBRENDQVFvQ2dnRUJBTlpHCjFFbkhaRU4zaXljOEhWYjkrc29YcTVXVHJja1RISFhjZDRETUMzRjJWK3NKZHUzSkVSMjB5UnVkbmdqVVArdzQKRDE5WnN3d0xyL05jb2ZpcnVPdzk4bWtKQlZSdStNa0RtU1JycjljaDduU2tQaTE3RFBadmlkZGwxeGoyNzhVagp0bFB6cUQ2Yk1yNDZkencyanhpK0poOGNLWnpscUwveVhTbEl4NnNvOHlOMUpaQWhvcnRsYk9WQVYwWnp2VmhSCm5nMGJDZnZSNG5JU2sxdDRnOEk3N3RzQ3pZdFkvM0Q0UmE0K0NzbGZLQTk1ZG91Y3NmaUtVMEFldEFnbFFVdTQKbEFrZDVFZmZuNStUdTRmM1BIcmFlcldOQUwvNUV5LzY3K2M0Mk13YW1pVVFySXkwMnhONWd4UktKRTlvcFVMTQp4dXNMY0lHd3ExalB5TlVaSzU4Q0F3RUFBYU1qTUNFd0RnWURWUjBQQVFIL0JBUURBZ0trTUE4R0ExVWRFd0VCCi93UUZNQU1CQWY4d0RRWUpLb1pJaHZjTkFRRUxCUUFEZ2dFQkFBZjZxWWl3Njk4Qzg1V0pjaU5ldzBlNnBxUzMKWHZ1NXBpcTdTcjV2YnlHdWQxb0V4a3d0OEhueWRBWTJ6ZmFRR0RyejBjbGJJUW1nRkZVVmxCeHVhMURQZTFuTgpqUUVQMU85enpiZ1AwRU5remQxNEM4WDNWZ0tJckF4cDk0UTc1eGlhOWpWcC85dXEybmE3eHBzRUZycHZMMlViCkNPVmdsWCtQcUpFbHBncU52RFFvOC80c0lmUDZ5SjF2dWFnakhDY3lkTmhGTjllV1BwTkFWWnJKWVA1RXFsL2gKU2ZIZkJWb0VOVlZPUFB5ZzBqdGdsZXlFTEY4TVcwazU2ckZqSHhkdHpPN1J2TFlqSUpFNkJGbVp1VmE4RFl1aAptTy9qM1dCVGdQcGwyczhrSHZHNlZVN2wvb2RwZUJXTHJkVXRKQnlUbnVpWEdiOGRjRmdBRElUZmNpVT0KLS0tLS1FTkQgQ0VSVElGSUNBVEUtLS0tLQo="
              }
            ],
            "created_at": "2020-06-22 13:14:26 +0000 UTC",
            "enabled_cluster_log_types": [],
            "endpoint": "https://9593CF57BCF584C1C86ADCBA03901CA0.yl4.us-east-1.eks.amazonaws.com",
            "id": "tf-jx-evolved-mullet",
            "identity": [
              {
                "oidc": [
                  {
                    "issuer": "https://oidc.eks.us-east-1.amazonaws.com/id/9593CF57BCF584C1C86ADCBA03901CA0"
                  }
                ]
              }
            ],
            "name": "tf-jx-evolved-mullet",
            "platform_version": "eks.2",
            "role_arn": "arn:aws:iam::764217278004:role/tf-jx-evolved-mullet20200622131410409200000005",
            "status": "ACTIVE",
            "tags": {},
            "version": "1.15",
            "vpc_config": [
              {
                "cluster_security_group_id": "sg-0c628ca91ec01f006",
                "endpoint_private_access": false,
                "endpoint_public_access": true,
                "public_access_cidrs": [
                  "0.0.0.0/0"
                ],
                "security_group_ids": [
                  "sg-0ad6fcd27a1b7a1be"
                ],
                "subnet_ids": [
                  "subnet-03d1d35e4cfff9302",
                  "subnet-083d38cc94cae41a5",
                  "subnet-0e14c42b248a51b35"
                ],
                "vpc_id": "vpc-09181e932edfd55df"
              }
            ]
          }
        }
      ]
    },
    {
      "module": "module.eks-jx.module.cluster",
      "mode": "data",
      "type": "aws_eks_cluster_auth",
      "name": "cluster",
      "provider": "module.eks-jx.provider.aws",
      "instances": [
        {
          "schema_version": 0,
          "attributes": {
            "id": "2020-06-22 13:28:01.6672243 +0000 UTC",
            "name": "tf-jx-evolved-mullet",
            "token": "k8s-aws-v1.aHR0cHM6Ly9zdHMuYW1hem9uYXdzLmNvbS8_QWN0aW9uPUdldENhbGxlcklkZW50aXR5JlZlcnNpb249MjAxMS0wNi0xNSZYLUFtei1BbGdvcml0aG09QVdTNC1ITUFDLVNIQTI1NiZYLUFtei1DcmVkZW50aWFsPUFLSUEzRDNYR0hZMkhRS1FSUUxXJTJGMjAyMDA2MjIlMkZ1cy1lYXN0LTElMkZzdHMlMkZhd3M0X3JlcXVlc3QmWC1BbXotRGF0ZT0yMDIwMDYyMlQxMzI4MDFaJlgtQW16LUV4cGlyZXM9MCZYLUFtei1TaWduZWRIZWFkZXJzPWhvc3QlM0J4LWs4cy1hd3MtaWQmWC1BbXotU2lnbmF0dXJlPWJhYzBlMWQyYjY1YjNkOGMyNjk0NDQ4ZDQ2MTc5ZDg4MjY0OGE5OTMxZDA0OWQ3NjU0Nzk5NDU1YWRlNDFkNGY"
          }
        }
      ]
    },
    {
      "module": "module.eks-jx.module.cluster.module.eks",
      "mode": "data",
      "type": "aws_iam_instance_profile",
      "name": "custom_worker_group_iam_instance_profile",
      "each": "list",
      "provider": "module.eks-jx.provider.aws",
      "instances": []
    },
    {
      "module": "module.eks-jx.module.cluster.module.eks",
      "mode": "data",
      "type": "aws_iam_instance_profile",
      "name": "custom_worker_group_launch_template_iam_instance_profile",
      "each": "list",
      "provider": "module.eks-jx.provider.aws",
      "instances": []
    },
    {
      "module": "module.eks-jx.module.cluster.module.iam_assumable_role_cm_cainjector",
      "mode": "data",
      "type": "aws_iam_policy_document",
      "name": "assume_role_with_oidc",
      "each": "list",
      "provider": "module.eks-jx.provider.aws",
      "instances": []
    },
    {
      "module": "module.eks-jx.module.cluster.module.iam_assumable_role_external_dns",
      "mode": "data",
      "type": "aws_iam_policy_document",
      "name": "assume_role_with_oidc",
      "each": "list",
      "provider": "module.eks-jx.provider.aws",
      "instances": []
    },
    {
      "module": "module.eks-jx.module.cluster.module.iam_assumable_role_controllerbuild",
      "mode": "data",
      "type": "aws_iam_policy_document",
      "name": "assume_role_with_oidc",
      "each": "list",
      "provider": "module.eks-jx.provider.aws",
      "instances": []
    },
    {
      "module": "module.eks-jx.module.cluster.module.iam_assumable_role_jxui",
      "mode": "data",
      "type": "aws_iam_policy_document",
      "name": "assume_role_with_oidc",
      "each": "list",
      "provider": "module.eks-jx.provider.aws",
      "instances": []
    },
    {
      "module": "module.eks-jx.module.cluster.module.iam_assumable_role_cert_manager",
      "mode": "data",
      "type": "aws_iam_policy_document",
      "name": "assume_role_with_oidc",
      "each": "list",
      "provider": "module.eks-jx.provider.aws",
      "instances": []
    },
    {
      "module": "module.eks-jx.module.cluster.module.iam_assumable_role_tekton_bot",
      "mode": "data",
      "type": "aws_iam_policy_document",
      "name": "assume_role_with_oidc",
      "each": "list",
      "provider": "module.eks-jx.provider.aws",
      "instances": []
    },
    {
      "module": "module.eks-jx.module.cluster",
      "mode": "data",
      "type": "aws_iam_policy_document",
      "name": "cert-manager-policy",
      "provider": "module.eks-jx.provider.aws",
      "instances": [
        {
          "schema_version": 0,
          "attributes": {
            "id": "3566597541",
            "json": "{\n  \"Version\": \"2012-10-17\",\n  \"Statement\": [\n    {\n      \"Sid\": \"\",\n      \"Effect\": \"Allow\",\n      \"Action\": \"route53:GetChange\",\n      \"Resource\": \"arn:aws:route53:::change/*\"\n    },\n    {\n      \"Sid\": \"\",\n      \"Effect\": \"Allow\",\n      \"Action\": \"route53:ChangeResourceRecordSets\",\n      \"Resource\": \"arn:aws:route53:::hostedzone/*\"\n    },\n    {\n      \"Sid\": \"\",\n      \"Effect\": \"Allow\",\n      \"Action\": \"route53:ListHostedZonesByName\",\n      \"Resource\": \"*\"\n    }\n  ]\n}",
            "override_json": null,
            "policy_id": null,
            "source_json": null,
            "statement": [
              {
                "actions": [
                  "route53:GetChange"
                ],
                "condition": [],
                "effect": "Allow",
                "not_actions": [],
                "not_principals": [],
                "not_resources": [],
                "principals": [],
                "resources": [
                  "arn:aws:route53:::change/*"
                ],
                "sid": ""
              },
              {
                "actions": [
                  "route53:ChangeResourceRecordSets"
                ],
                "condition": [],
                "effect": "Allow",
                "not_actions": [],
                "not_principals": [],
                "not_resources": [],
                "principals": [],
                "resources": [
                  "arn:aws:route53:::hostedzone/*"
                ],
                "sid": ""
              },
              {
                "actions": [
                  "route53:ListHostedZonesByName"
                ],
                "condition": [],
                "effect": "Allow",
                "not_actions": [],
                "not_principals": [],
                "not_resources": [],
                "principals": [],
                "resources": [
                  "*"
                ],
                "sid": ""
              }
            ],
            "version": "2012-10-17"
          }
        }
      ]
    },
    {
      "module": "module.eks-jx.module.cluster.module.eks",
      "mode": "data",
      "type": "aws_iam_policy_document",
      "name": "cluster_assume_role_policy",
      "provider": "module.eks-jx.provider.aws",
      "instances": [
        {
          "schema_version": 0,
          "attributes": {
            "id": "2764486067",
            "json": "{\n  \"Version\": \"2012-10-17\",\n  \"Statement\": [\n    {\n      \"Sid\": \"EKSClusterAssumeRole\",\n      \"Effect\": \"Allow\",\n      \"Action\": \"sts:AssumeRole\",\n      \"Principal\": {\n        \"Service\": \"eks.amazonaws.com\"\n      }\n    }\n  ]\n}",
            "override_json": null,
            "policy_id": null,
            "source_json": null,
            "statement": [
              {
                "actions": [
                  "sts:AssumeRole"
                ],
                "condition": [],
                "effect": "Allow",
                "not_actions": [],
                "not_principals": [],
                "not_resources": [],
                "principals": [
                  {
                    "identifiers": [
                      "eks.amazonaws.com"
                    ],
                    "type": "Service"
                  }
                ],
                "resources": [],
                "sid": "EKSClusterAssumeRole"
              }
            ],
            "version": "2012-10-17"
          }
        }
      ]
    },
    {
      "module": "module.eks-jx.module.cluster",
      "mode": "data",
      "type": "aws_iam_policy_document",
      "name": "external-dns-policy",
      "provider": "module.eks-jx.provider.aws",
      "instances": [
        {
          "schema_version": 0,
          "attributes": {
            "id": "1621011895",
            "json": "{\n  \"Version\": \"2012-10-17\",\n  \"Statement\": [\n    {\n      \"Sid\": \"\",\n      \"Effect\": \"Allow\",\n      \"Action\": \"route53:ChangeResourceRecordSets\",\n      \"Resource\": \"arn:aws:route53:::hostedzone/*\"\n    },\n    {\n      \"Sid\": \"\",\n      \"Effect\": \"Allow\",\n      \"Action\": [\n        \"route53:ListResourceRecordSets\",\n        \"route53:ListHostedZones\"\n      ],\n      \"Resource\": \"*\"\n    }\n  ]\n}",
            "override_json": null,
            "policy_id": null,
            "source_json": null,
            "statement": [
              {
                "actions": [
                  "route53:ChangeResourceRecordSets"
                ],
                "condition": [],
                "effect": "Allow",
                "not_actions": [],
                "not_principals": [],
                "not_resources": [],
                "principals": [],
                "resources": [
                  "arn:aws:route53:::hostedzone/*"
                ],
                "sid": ""
              },
              {
                "actions": [
                  "route53:ListHostedZones",
                  "route53:ListResourceRecordSets"
                ],
                "condition": [],
                "effect": "Allow",
                "not_actions": [],
                "not_principals": [],
                "not_resources": [],
                "principals": [],
                "resources": [
                  "*"
                ],
                "sid": ""
              }
            ],
            "version": "2012-10-17"
          }
        }
      ]
    },
    {
      "module": "module.eks-jx.module.cluster",
      "mode": "data",
      "type": "aws_iam_policy_document",
      "name": "tekton-bot-policy",
      "provider": "module.eks-jx.provider.aws",
      "instances": [
        {
          "schema_version": 0,
          "attributes": {
            "id": "1457938377",
            "json": "{\n  \"Version\": \"2012-10-17\",\n  \"Statement\": [\n    {\n      \"Sid\": \"tektonBotPolicy\",\n      \"Effect\": \"Allow\",\n      \"Action\": [\n        \"s3:*\",\n        \"iam:GetPolicy\",\n        \"iam:GetOpenIDConnectProvider\",\n        \"iam:DetachRolePolicy\",\n        \"iam:DeleteRole\",\n        \"iam:CreatePolicy\",\n        \"eks:*\",\n        \"ecr:*\",\n        \"cloudformation:ListStacks\",\n        \"cloudformation:DescribeStacks\",\n        \"cloudformation:DeleteStack\",\n        \"cloudformation:CreateStack\"\n      ],\n      \"Resource\": \"*\"\n    }\n  ]\n}",
            "override_json": null,
            "policy_id": null,
            "source_json": null,
            "statement": [
              {
                "actions": [
                  "cloudformation:CreateStack",
                  "cloudformation:DeleteStack",
                  "cloudformation:DescribeStacks",
                  "cloudformation:ListStacks",
                  "ecr:*",
                  "eks:*",
                  "iam:CreatePolicy",
                  "iam:DeleteRole",
                  "iam:DetachRolePolicy",
                  "iam:GetOpenIDConnectProvider",
                  "iam:GetPolicy",
                  "s3:*"
                ],
                "condition": [],
                "effect": "Allow",
                "not_actions": [],
                "not_principals": [],
                "not_resources": [],
                "principals": [],
                "resources": [
                  "*"
                ],
                "sid": "tektonBotPolicy"
              }
            ],
            "version": "2012-10-17"
          }
        }
      ]
    },
    {
      "module": "module.eks-jx.module.vault",
      "mode": "data",
      "type": "aws_iam_policy_document",
      "name": "vault_iam_user_policy_document",
      "provider": "module.eks-jx.provider.aws",
      "instances": [
        {
          "schema_version": 0,
          "attributes": {
            "id": "668667285",
            "json": "{\n  \"Version\": \"2012-10-17\",\n  \"Statement\": [\n    {\n      \"Sid\": \"DynamoDB\",\n      \"Effect\": \"Allow\",\n      \"Action\": [\n        \"dynamodb:UpdateItem\",\n        \"dynamodb:Scan\",\n        \"dynamodb:Query\",\n        \"dynamodb:PutItem\",\n        \"dynamodb:ListTagsOfResource\",\n        \"dynamodb:ListTables\",\n        \"dynamodb:GetRecords\",\n        \"dynamodb:GetItem\",\n        \"dynamodb:DescribeTimeToLive\",\n        \"dynamodb:DescribeTable\",\n        \"dynamodb:DescribeReservedCapacityOfferings\",\n        \"dynamodb:DescribeReservedCapacity\",\n        \"dynamodb:DescribeLimits\",\n        \"dynamodb:DeleteItem\",\n        \"dynamodb:CreateTable\",\n        \"dynamodb:BatchWriteItem\",\n        \"dynamodb:BatchGetItem\"\n      ],\n      \"Resource\": \"arn:aws:dynamodb:us-east-1:764217278004:table/vault-unseal-tf-jx-evolved-mullet-KIKWr1r7\"\n    },\n    {\n      \"Sid\": \"S3\",\n      \"Effect\": \"Allow\",\n      \"Action\": [\n        \"s3:PutObject\",\n        \"s3:GetObject\"\n      ],\n      \"Resource\": \"arn:aws:s3:::vault-unseal-tf-jx-evolved-mullet-20200622131410414300000008/*\"\n    },\n    {\n      \"Sid\": \"S3List\",\n      \"Effect\": \"Allow\",\n      \"Action\": \"s3:ListBucket\",\n      \"Resource\": \"arn:aws:s3:::vault-unseal-tf-jx-evolved-mullet-20200622131410414300000008\"\n    },\n    {\n      \"Sid\": \"KMS\",\n      \"Effect\": \"Allow\",\n      \"Action\": [\n        \"kms:Encrypt\",\n        \"kms:Decrypt\"\n      ],\n      \"Resource\": \"arn:aws:kms:us-east-1:764217278004:key/688d2fd2-e84f-4ea1-85c5-425914fad020\"\n    }\n  ]\n}",
            "override_json": null,
            "policy_id": null,
            "source_json": null,
            "statement": [
              {
                "actions": [
                  "dynamodb:BatchGetItem",
                  "dynamodb:BatchWriteItem",
                  "dynamodb:CreateTable",
                  "dynamodb:DeleteItem",
                  "dynamodb:DescribeLimits",
                  "dynamodb:DescribeReservedCapacity",
                  "dynamodb:DescribeReservedCapacityOfferings",
                  "dynamodb:DescribeTable",
                  "dynamodb:DescribeTimeToLive",
                  "dynamodb:GetItem",
                  "dynamodb:GetRecords",
                  "dynamodb:ListTables",
                  "dynamodb:ListTagsOfResource",
                  "dynamodb:PutItem",
                  "dynamodb:Query",
                  "dynamodb:Scan",
                  "dynamodb:UpdateItem"
                ],
                "condition": [],
                "effect": "Allow",
                "not_actions": [],
                "not_principals": [],
                "not_resources": [],
                "principals": [],
                "resources": [
                  "arn:aws:dynamodb:us-east-1:764217278004:table/vault-unseal-tf-jx-evolved-mullet-KIKWr1r7"
                ],
                "sid": "DynamoDB"
              },
              {
                "actions": [
                  "s3:GetObject",
                  "s3:PutObject"
                ],
                "condition": [],
                "effect": "Allow",
                "not_actions": [],
                "not_principals": [],
                "not_resources": [],
                "principals": [],
                "resources": [
                  "arn:aws:s3:::vault-unseal-tf-jx-evolved-mullet-20200622131410414300000008/*"
                ],
                "sid": "S3"
              },
              {
                "actions": [
                  "s3:ListBucket"
                ],
                "condition": [],
                "effect": "Allow",
                "not_actions": [],
                "not_principals": [],
                "not_resources": [],
                "principals": [],
                "resources": [
                  "arn:aws:s3:::vault-unseal-tf-jx-evolved-mullet-20200622131410414300000008"
                ],
                "sid": "S3List"
              },
              {
                "actions": [
                  "kms:Decrypt",
                  "kms:Encrypt"
                ],
                "condition": [],
                "effect": "Allow",
                "not_actions": [],
                "not_principals": [],
                "not_resources": [],
                "principals": [],
                "resources": [
                  "arn:aws:kms:us-east-1:764217278004:key/688d2fd2-e84f-4ea1-85c5-425914fad020"
                ],
                "sid": "KMS"
              }
            ],
            "version": "2012-10-17"
          }
        }
      ]
    },
    {
      "module": "module.eks-jx.module.cluster.module.eks",
      "mode": "data",
      "type": "aws_iam_policy_document",
      "name": "workers_assume_role_policy",
      "provider": "module.eks-jx.provider.aws",
      "instances": [
        {
          "schema_version": 0,
          "attributes": {
            "id": "3778018924",
            "json": "{\n  \"Version\": \"2012-10-17\",\n  \"Statement\": [\n    {\n      \"Sid\": \"EKSWorkerAssumeRole\",\n      \"Effect\": \"Allow\",\n      \"Action\": \"sts:AssumeRole\",\n      \"Principal\": {\n        \"Service\": \"ec2.amazonaws.com\"\n      }\n    }\n  ]\n}",
            "override_json": null,
            "policy_id": null,
            "source_json": null,
            "statement": [
              {
                "actions": [
                  "sts:AssumeRole"
                ],
                "condition": [],
                "effect": "Allow",
                "not_actions": [],
                "not_principals": [],
                "not_resources": [],
                "principals": [
                  {
                    "identifiers": [
                      "ec2.amazonaws.com"
                    ],
                    "type": "Service"
                  }
                ],
                "resources": [],
                "sid": "EKSWorkerAssumeRole"
              }
            ],
            "version": "2012-10-17"
          }
        }
      ]
    },
    {
      "module": "module.eks-jx.module.cluster.module.eks",
      "mode": "data",
      "type": "aws_iam_role",
      "name": "custom_cluster_iam_role",
      "each": "list",
      "provider": "module.eks-jx.provider.aws",
      "instances": []
    },
    {
      "module": "module.eks-jx.module.vault",
      "mode": "data",
      "type": "aws_iam_user",
      "name": "vault_user",
      "provider": "module.eks-jx.provider.aws",
      "instances": [
        {
          "schema_version": 0,
          "attributes": {
            "arn": "arn:aws:iam::764217278004:user/jenkins-x-vault",
            "id": "AIDA3D3XGHY2LIFHWH356",
            "path": "/",
            "permissions_boundary": "",
            "user_id": "AIDA3D3XGHY2LIFHWH356",
            "user_name": "jenkins-x-vault"
          }
        }
      ]
    },
    {
      "module": "module.eks-jx.module.cluster.module.eks",
      "mode": "data",
      "type": "aws_region",
      "name": "current",
      "provider": "module.eks-jx.provider.aws",
      "instances": [
        {
          "schema_version": 0,
          "attributes": {
            "current": null,
            "description": "US East (N. Virginia)",
            "endpoint": "ec2.us-east-1.amazonaws.com",
            "id": "us-east-1",
            "name": "us-east-1"
          }
        }
      ]
    },
    {
      "module": "module.eks-jx.module.dns",
      "mode": "data",
      "type": "aws_route53_zone",
      "name": "apex_domain_zone",
      "each": "list",
      "provider": "module.eks-jx.provider.aws",
      "instances": []
    },
    {
      "module": "module.eks-jx.module.cluster.module.vpc",
      "mode": "data",
      "type": "aws_vpc_endpoint_service",
      "name": "apigw",
      "each": "list",
      "provider": "module.eks-jx.provider.aws",
      "instances": []
    },
    {
      "module": "module.eks-jx.module.cluster.module.vpc",
      "mode": "data",
      "type": "aws_vpc_endpoint_service",
      "name": "cloudtrail",
      "each": "list",
      "provider": "module.eks-jx.provider.aws",
      "instances": []
    },
    {
      "module": "module.eks-jx.module.cluster.module.vpc",
      "mode": "data",
      "type": "aws_vpc_endpoint_service",
      "name": "dynamodb",
      "each": "list",
      "provider": "module.eks-jx.provider.aws",
      "instances": []
    },
    {
      "module": "module.eks-jx.module.cluster.module.vpc",
      "mode": "data",
      "type": "aws_vpc_endpoint_service",
      "name": "ec2",
      "each": "list",
      "provider": "module.eks-jx.provider.aws",
      "instances": []
    },
    {
      "module": "module.eks-jx.module.cluster.module.vpc",
      "mode": "data",
      "type": "aws_vpc_endpoint_service",
      "name": "ec2messages",
      "each": "list",
      "provider": "module.eks-jx.provider.aws",
      "instances": []
    },
    {
      "module": "module.eks-jx.module.cluster.module.vpc",
      "mode": "data",
      "type": "aws_vpc_endpoint_service",
      "name": "ecr_api",
      "each": "list",
      "provider": "module.eks-jx.provider.aws",
      "instances": []
    },
    {
      "module": "module.eks-jx.module.cluster.module.vpc",
      "mode": "data",
      "type": "aws_vpc_endpoint_service",
      "name": "ecr_dkr",
      "each": "list",
      "provider": "module.eks-jx.provider.aws",
      "instances": []
    },
    {
      "module": "module.eks-jx.module.cluster.module.vpc",
      "mode": "data",
      "type": "aws_vpc_endpoint_service",
      "name": "ecs",
      "each": "list",
      "provider": "module.eks-jx.provider.aws",
      "instances": []
    },
    {
      "module": "module.eks-jx.module.cluster.module.vpc",
      "mode": "data",
      "type": "aws_vpc_endpoint_service",
      "name": "ecs_agent",
      "each": "list",
      "provider": "module.eks-jx.provider.aws",
      "instances": []
    },
    {
      "module": "module.eks-jx.module.cluster.module.vpc",
      "mode": "data",
      "type": "aws_vpc_endpoint_service",
      "name": "ecs_telemetry",
      "each": "list",
      "provider": "module.eks-jx.provider.aws",
      "instances": []
    },
    {
      "module": "module.eks-jx.module.cluster.module.vpc",
      "mode": "data",
      "type": "aws_vpc_endpoint_service",
      "name": "elasticloadbalancing",
      "each": "list",
      "provider": "module.eks-jx.provider.aws",
      "instances": []
    },
    {
      "module": "module.eks-jx.module.cluster.module.vpc",
      "mode": "data",
      "type": "aws_vpc_endpoint_service",
      "name": "events",
      "each": "list",
      "provider": "module.eks-jx.provider.aws",
      "instances": []
    },
    {
      "module": "module.eks-jx.module.cluster.module.vpc",
      "mode": "data",
      "type": "aws_vpc_endpoint_service",
      "name": "kms",
      "each": "list",
      "provider": "module.eks-jx.provider.aws",
      "instances": []
    },
    {
      "module": "module.eks-jx.module.cluster.module.vpc",
      "mode": "data",
      "type": "aws_vpc_endpoint_service",
      "name": "logs",
      "each": "list",
      "provider": "module.eks-jx.provider.aws",
      "instances": []
    },
    {
      "module": "module.eks-jx.module.cluster.module.vpc",
      "mode": "data",
      "type": "aws_vpc_endpoint_service",
      "name": "monitoring",
      "each": "list",
      "provider": "module.eks-jx.provider.aws",
      "instances": []
    },
    {
      "module": "module.eks-jx.module.cluster.module.vpc",
      "mode": "data",
      "type": "aws_vpc_endpoint_service",
      "name": "s3",
      "each": "list",
      "provider": "module.eks-jx.provider.aws",
      "instances": []
    },
    {
      "module": "module.eks-jx.module.cluster.module.vpc",
      "mode": "data",
      "type": "aws_vpc_endpoint_service",
      "name": "sns",
      "each": "list",
      "provider": "module.eks-jx.provider.aws",
      "instances": []
    },
    {
      "module": "module.eks-jx.module.cluster.module.vpc",
      "mode": "data",
      "type": "aws_vpc_endpoint_service",
      "name": "sqs",
      "each": "list",
      "provider": "module.eks-jx.provider.aws",
      "instances": []
    },
    {
      "module": "module.eks-jx.module.cluster.module.vpc",
      "mode": "data",
      "type": "aws_vpc_endpoint_service",
      "name": "ssm",
      "each": "list",
      "provider": "module.eks-jx.provider.aws",
      "instances": []
    },
    {
      "module": "module.eks-jx.module.cluster.module.vpc",
      "mode": "data",
      "type": "aws_vpc_endpoint_service",
      "name": "ssmmessages",
      "each": "list",
      "provider": "module.eks-jx.provider.aws",
      "instances": []
    },
    {
      "module": "module.eks-jx.module.cluster.module.eks",
      "mode": "data",
      "type": "null_data_source",
      "name": "node_groups",
      "each": "list",
      "provider": "module.eks-jx.provider.null",
      "instances": [
        {
          "index_key": 0,
          "schema_version": 0,
          "attributes": {
            "has_computed_default": "default",
            "id": "static",
            "inputs": {
              "aws_auth": "kube-system/aws-auth",
              "cluster_name": "tf-jx-evolved-mullet",
              "role_CNI_Policy": "tf-jx-evolved-mullet2020062213280170170000000e-20200622132803342000000013",
              "role_Container": "tf-jx-evolved-mullet2020062213280170170000000e-20200622132803364600000014",
              "role_NodePolicy": "tf-jx-evolved-mullet2020062213280170170000000e-20200622132803339200000012"
            },
            "outputs": {
              "aws_auth": "kube-system/aws-auth",
              "cluster_name": "tf-jx-evolved-mullet",
              "role_CNI_Policy": "tf-jx-evolved-mullet2020062213280170170000000e-20200622132803342000000013",
              "role_Container": "tf-jx-evolved-mullet2020062213280170170000000e-20200622132803364600000014",
              "role_NodePolicy": "tf-jx-evolved-mullet2020062213280170170000000e-20200622132803339200000012"
            },
            "random": "3493304703214979616"
          }
        }
      ]
    },
    {
      "module": "module.eks-jx.module.cluster.module.eks",
      "mode": "data",
      "type": "template_file",
      "name": "aws_authenticator_env_variables",
      "each": "list",
      "provider": "module.eks-jx.provider.template",
      "instances": []
    },
    {
      "module": "module.eks-jx.module.cluster.module.eks",
      "mode": "data",
      "type": "template_file",
      "name": "kubeconfig",
      "each": "list",
      "provider": "module.eks-jx.provider.template",
      "instances": [
        {
          "index_key": 0,
          "schema_version": 0,
          "attributes": {
            "filename": null,
            "id": "82b68a86b8899f75119becb2d09614c02462388ffbdff7ec2285966ceb85752c",
            "rendered": "apiVersion: v1\npreferences: {}\nkind: Config\n\nclusters:\n- cluster:\n    server: https://9593CF57BCF584C1C86ADCBA03901CA0.yl4.us-east-1.eks.amazonaws.com\n    certificate-authority-data: LS0tLS1CRUdJTiBDRVJUSUZJQ0FURS0tLS0tCk1JSUN5RENDQWJDZ0F3SUJBZ0lCQURBTkJna3Foa2lHOXcwQkFRc0ZBREFWTVJNd0VRWURWUVFERXdwcmRXSmwKY201bGRHVnpNQjRYRFRJd01EWXlNakV6TWpNME9Wb1hEVE13TURZeU1ERXpNak0wT1Zvd0ZURVRNQkVHQTFVRQpBeE1LYTNWaVpYSnVaWFJsY3pDQ0FTSXdEUVlKS29aSWh2Y05BUUVCQlFBRGdnRVBBRENDQVFvQ2dnRUJBTlpHCjFFbkhaRU4zaXljOEhWYjkrc29YcTVXVHJja1RISFhjZDRETUMzRjJWK3NKZHUzSkVSMjB5UnVkbmdqVVArdzQKRDE5WnN3d0xyL05jb2ZpcnVPdzk4bWtKQlZSdStNa0RtU1JycjljaDduU2tQaTE3RFBadmlkZGwxeGoyNzhVagp0bFB6cUQ2Yk1yNDZkencyanhpK0poOGNLWnpscUwveVhTbEl4NnNvOHlOMUpaQWhvcnRsYk9WQVYwWnp2VmhSCm5nMGJDZnZSNG5JU2sxdDRnOEk3N3RzQ3pZdFkvM0Q0UmE0K0NzbGZLQTk1ZG91Y3NmaUtVMEFldEFnbFFVdTQKbEFrZDVFZmZuNStUdTRmM1BIcmFlcldOQUwvNUV5LzY3K2M0Mk13YW1pVVFySXkwMnhONWd4UktKRTlvcFVMTQp4dXNMY0lHd3ExalB5TlVaSzU4Q0F3RUFBYU1qTUNFd0RnWURWUjBQQVFIL0JBUURBZ0trTUE4R0ExVWRFd0VCCi93UUZNQU1CQWY4d0RRWUpLb1pJaHZjTkFRRUxCUUFEZ2dFQkFBZjZxWWl3Njk4Qzg1V0pjaU5ldzBlNnBxUzMKWHZ1NXBpcTdTcjV2YnlHdWQxb0V4a3d0OEhueWRBWTJ6ZmFRR0RyejBjbGJJUW1nRkZVVmxCeHVhMURQZTFuTgpqUUVQMU85enpiZ1AwRU5remQxNEM4WDNWZ0tJckF4cDk0UTc1eGlhOWpWcC85dXEybmE3eHBzRUZycHZMMlViCkNPVmdsWCtQcUpFbHBncU52RFFvOC80c0lmUDZ5SjF2dWFnakhDY3lkTmhGTjllV1BwTkFWWnJKWVA1RXFsL2gKU2ZIZkJWb0VOVlZPUFB5ZzBqdGdsZXlFTEY4TVcwazU2ckZqSHhkdHpPN1J2TFlqSUpFNkJGbVp1VmE4RFl1aAptTy9qM1dCVGdQcGwyczhrSHZHNlZVN2wvb2RwZUJXTHJkVXRKQnlUbnVpWEdiOGRjRmdBRElUZmNpVT0KLS0tLS1FTkQgQ0VSVElGSUNBVEUtLS0tLQo=\n  name: eks_tf-jx-evolved-mullet\n\ncontexts:\n- context:\n    cluster: eks_tf-jx-evolved-mullet\n    user: eks_tf-jx-evolved-mullet\n  name: eks_tf-jx-evolved-mullet\n\ncurrent-context: eks_tf-jx-evolved-mullet\n\nusers:\n- name: eks_tf-jx-evolved-mullet\n  user:\n    exec:\n      apiVersion: client.authentication.k8s.io/v1alpha1\n      command: aws-iam-authenticator\n      args:\n        - \"token\"\n        - \"-i\"\n        - \"tf-jx-evolved-mullet\"\n\n\n",
            "template": "apiVersion: v1\npreferences: {}\nkind: Config\n\nclusters:\n- cluster:\n    server: ${endpoint}\n    certificate-authority-data: ${cluster_auth_base64}\n  name: ${kubeconfig_name}\n\ncontexts:\n- context:\n    cluster: ${kubeconfig_name}\n    user: ${kubeconfig_name}\n  name: ${kubeconfig_name}\n\ncurrent-context: ${kubeconfig_name}\n\nusers:\n- name: ${kubeconfig_name}\n  user:\n    exec:\n      apiVersion: client.authentication.k8s.io/v1alpha1\n      command: ${aws_authenticator_command}\n      args:\n${aws_authenticator_command_args}\n${aws_authenticator_additional_args}\n${aws_authenticator_env_variables}\n",
            "vars": {
              "aws_authenticator_additional_args": "",
              "aws_authenticator_command": "aws-iam-authenticator",
              "aws_authenticator_command_args": "        - \"token\"\n        - \"-i\"\n        - \"tf-jx-evolved-mullet\"",
              "aws_authenticator_env_variables": "",
              "cluster_auth_base64": "LS0tLS1CRUdJTiBDRVJUSUZJQ0FURS0tLS0tCk1JSUN5RENDQWJDZ0F3SUJBZ0lCQURBTkJna3Foa2lHOXcwQkFRc0ZBREFWTVJNd0VRWURWUVFERXdwcmRXSmwKY201bGRHVnpNQjRYRFRJd01EWXlNakV6TWpNME9Wb1hEVE13TURZeU1ERXpNak0wT1Zvd0ZURVRNQkVHQTFVRQpBeE1LYTNWaVpYSnVaWFJsY3pDQ0FTSXdEUVlKS29aSWh2Y05BUUVCQlFBRGdnRVBBRENDQVFvQ2dnRUJBTlpHCjFFbkhaRU4zaXljOEhWYjkrc29YcTVXVHJja1RISFhjZDRETUMzRjJWK3NKZHUzSkVSMjB5UnVkbmdqVVArdzQKRDE5WnN3d0xyL05jb2ZpcnVPdzk4bWtKQlZSdStNa0RtU1JycjljaDduU2tQaTE3RFBadmlkZGwxeGoyNzhVagp0bFB6cUQ2Yk1yNDZkencyanhpK0poOGNLWnpscUwveVhTbEl4NnNvOHlOMUpaQWhvcnRsYk9WQVYwWnp2VmhSCm5nMGJDZnZSNG5JU2sxdDRnOEk3N3RzQ3pZdFkvM0Q0UmE0K0NzbGZLQTk1ZG91Y3NmaUtVMEFldEFnbFFVdTQKbEFrZDVFZmZuNStUdTRmM1BIcmFlcldOQUwvNUV5LzY3K2M0Mk13YW1pVVFySXkwMnhONWd4UktKRTlvcFVMTQp4dXNMY0lHd3ExalB5TlVaSzU4Q0F3RUFBYU1qTUNFd0RnWURWUjBQQVFIL0JBUURBZ0trTUE4R0ExVWRFd0VCCi93UUZNQU1CQWY4d0RRWUpLb1pJaHZjTkFRRUxCUUFEZ2dFQkFBZjZxWWl3Njk4Qzg1V0pjaU5ldzBlNnBxUzMKWHZ1NXBpcTdTcjV2YnlHdWQxb0V4a3d0OEhueWRBWTJ6ZmFRR0RyejBjbGJJUW1nRkZVVmxCeHVhMURQZTFuTgpqUUVQMU85enpiZ1AwRU5remQxNEM4WDNWZ0tJckF4cDk0UTc1eGlhOWpWcC85dXEybmE3eHBzRUZycHZMMlViCkNPVmdsWCtQcUpFbHBncU52RFFvOC80c0lmUDZ5SjF2dWFnakhDY3lkTmhGTjllV1BwTkFWWnJKWVA1RXFsL2gKU2ZIZkJWb0VOVlZPUFB5ZzBqdGdsZXlFTEY4TVcwazU2ckZqSHhkdHpPN1J2TFlqSUpFNkJGbVp1VmE4RFl1aAptTy9qM1dCVGdQcGwyczhrSHZHNlZVN2wvb2RwZUJXTHJkVXRKQnlUbnVpWEdiOGRjRmdBRElUZmNpVT0KLS0tLS1FTkQgQ0VSVElGSUNBVEUtLS0tLQo=",
              "endpoint": "https://9593CF57BCF584C1C86ADCBA03901CA0.yl4.us-east-1.eks.amazonaws.com",
              "kubeconfig_name": "eks_tf-jx-evolved-mullet"
            }
          }
        }
      ]
    },
    {
      "module": "module.eks-jx.module.cluster.module.eks",
      "mode": "data",
      "type": "template_file",
      "name": "launch_template_userdata",
      "each": "list",
      "provider": "module.eks-jx.provider.template",
      "instances": []
    },
    {
      "module": "module.eks-jx.module.cluster.module.eks",
      "mode": "data",
      "type": "template_file",
      "name": "launch_template_worker_role_arns",
      "each": "list",
      "provider": "module.eks-jx.provider.template",
      "instances": []
    },
    {
      "module": "module.eks-jx.module.cluster.module.eks",
      "mode": "data",
      "type": "template_file",
      "name": "node_group_arns",
      "each": "list",
      "provider": "module.eks-jx.provider.template",
      "instances": []
    },
    {
      "module": "module.eks-jx.module.cluster.module.eks",
      "mode": "data",
      "type": "template_file",
      "name": "userdata",
      "each": "list",
      "provider": "module.eks-jx.provider.template",
      "instances": [
        {
          "index_key": 0,
          "schema_version": 0,
          "attributes": {
            "filename": null,
            "id": "4792452effa5f853ddcf88210bf36c283e98c488215991e3e6f23834e975d000",
            "rendered": "#!/bin/bash -xe\n\n# Allow user supplied pre userdata code\n\n\n# Bootstrap and join the cluster\n/etc/eks/bootstrap.sh --b64-cluster-ca 'LS0tLS1CRUdJTiBDRVJUSUZJQ0FURS0tLS0tCk1JSUN5RENDQWJDZ0F3SUJBZ0lCQURBTkJna3Foa2lHOXcwQkFRc0ZBREFWTVJNd0VRWURWUVFERXdwcmRXSmwKY201bGRHVnpNQjRYRFRJd01EWXlNakV6TWpNME9Wb1hEVE13TURZeU1ERXpNak0wT1Zvd0ZURVRNQkVHQTFVRQpBeE1LYTNWaVpYSnVaWFJsY3pDQ0FTSXdEUVlKS29aSWh2Y05BUUVCQlFBRGdnRVBBRENDQVFvQ2dnRUJBTlpHCjFFbkhaRU4zaXljOEhWYjkrc29YcTVXVHJja1RISFhjZDRETUMzRjJWK3NKZHUzSkVSMjB5UnVkbmdqVVArdzQKRDE5WnN3d0xyL05jb2ZpcnVPdzk4bWtKQlZSdStNa0RtU1JycjljaDduU2tQaTE3RFBadmlkZGwxeGoyNzhVagp0bFB6cUQ2Yk1yNDZkencyanhpK0poOGNLWnpscUwveVhTbEl4NnNvOHlOMUpaQWhvcnRsYk9WQVYwWnp2VmhSCm5nMGJDZnZSNG5JU2sxdDRnOEk3N3RzQ3pZdFkvM0Q0UmE0K0NzbGZLQTk1ZG91Y3NmaUtVMEFldEFnbFFVdTQKbEFrZDVFZmZuNStUdTRmM1BIcmFlcldOQUwvNUV5LzY3K2M0Mk13YW1pVVFySXkwMnhONWd4UktKRTlvcFVMTQp4dXNMY0lHd3ExalB5TlVaSzU4Q0F3RUFBYU1qTUNFd0RnWURWUjBQQVFIL0JBUURBZ0trTUE4R0ExVWRFd0VCCi93UUZNQU1CQWY4d0RRWUpLb1pJaHZjTkFRRUxCUUFEZ2dFQkFBZjZxWWl3Njk4Qzg1V0pjaU5ldzBlNnBxUzMKWHZ1NXBpcTdTcjV2YnlHdWQxb0V4a3d0OEhueWRBWTJ6ZmFRR0RyejBjbGJJUW1nRkZVVmxCeHVhMURQZTFuTgpqUUVQMU85enpiZ1AwRU5remQxNEM4WDNWZ0tJckF4cDk0UTc1eGlhOWpWcC85dXEybmE3eHBzRUZycHZMMlViCkNPVmdsWCtQcUpFbHBncU52RFFvOC80c0lmUDZ5SjF2dWFnakhDY3lkTmhGTjllV1BwTkFWWnJKWVA1RXFsL2gKU2ZIZkJWb0VOVlZPUFB5ZzBqdGdsZXlFTEY4TVcwazU2ckZqSHhkdHpPN1J2TFlqSUpFNkJGbVp1VmE4RFl1aAptTy9qM1dCVGdQcGwyczhrSHZHNlZVN2wvb2RwZUJXTHJkVXRKQnlUbnVpWEdiOGRjRmdBRElUZmNpVT0KLS0tLS1FTkQgQ0VSVElGSUNBVEUtLS0tLQo=' --apiserver-endpoint 'https://9593CF57BCF584C1C86ADCBA03901CA0.yl4.us-east-1.eks.amazonaws.com'  --kubelet-extra-args \"\" 'tf-jx-evolved-mullet'\n\n# Allow user supplied userdata code\n\n",
            "template": "#!/bin/bash -xe\n\n# Allow user supplied pre userdata code\n${pre_userdata}\n\n# Bootstrap and join the cluster\n/etc/eks/bootstrap.sh --b64-cluster-ca '${cluster_auth_base64}' --apiserver-endpoint '${endpoint}' ${bootstrap_extra_args} --kubelet-extra-args \"${kubelet_extra_args}\" '${cluster_name}'\n\n# Allow user supplied userdata code\n${additional_userdata}\n",
            "vars": {
              "additional_userdata": "",
              "bootstrap_extra_args": "",
              "cluster_auth_base64": "LS0tLS1CRUdJTiBDRVJUSUZJQ0FURS0tLS0tCk1JSUN5RENDQWJDZ0F3SUJBZ0lCQURBTkJna3Foa2lHOXcwQkFRc0ZBREFWTVJNd0VRWURWUVFERXdwcmRXSmwKY201bGRHVnpNQjRYRFRJd01EWXlNakV6TWpNME9Wb1hEVE13TURZeU1ERXpNak0wT1Zvd0ZURVRNQkVHQTFVRQpBeE1LYTNWaVpYSnVaWFJsY3pDQ0FTSXdEUVlKS29aSWh2Y05BUUVCQlFBRGdnRVBBRENDQVFvQ2dnRUJBTlpHCjFFbkhaRU4zaXljOEhWYjkrc29YcTVXVHJja1RISFhjZDRETUMzRjJWK3NKZHUzSkVSMjB5UnVkbmdqVVArdzQKRDE5WnN3d0xyL05jb2ZpcnVPdzk4bWtKQlZSdStNa0RtU1JycjljaDduU2tQaTE3RFBadmlkZGwxeGoyNzhVagp0bFB6cUQ2Yk1yNDZkencyanhpK0poOGNLWnpscUwveVhTbEl4NnNvOHlOMUpaQWhvcnRsYk9WQVYwWnp2VmhSCm5nMGJDZnZSNG5JU2sxdDRnOEk3N3RzQ3pZdFkvM0Q0UmE0K0NzbGZLQTk1ZG91Y3NmaUtVMEFldEFnbFFVdTQKbEFrZDVFZmZuNStUdTRmM1BIcmFlcldOQUwvNUV5LzY3K2M0Mk13YW1pVVFySXkwMnhONWd4UktKRTlvcFVMTQp4dXNMY0lHd3ExalB5TlVaSzU4Q0F3RUFBYU1qTUNFd0RnWURWUjBQQVFIL0JBUURBZ0trTUE4R0ExVWRFd0VCCi93UUZNQU1CQWY4d0RRWUpLb1pJaHZjTkFRRUxCUUFEZ2dFQkFBZjZxWWl3Njk4Qzg1V0pjaU5ldzBlNnBxUzMKWHZ1NXBpcTdTcjV2YnlHdWQxb0V4a3d0OEhueWRBWTJ6ZmFRR0RyejBjbGJJUW1nRkZVVmxCeHVhMURQZTFuTgpqUUVQMU85enpiZ1AwRU5remQxNEM4WDNWZ0tJckF4cDk0UTc1eGlhOWpWcC85dXEybmE3eHBzRUZycHZMMlViCkNPVmdsWCtQcUpFbHBncU52RFFvOC80c0lmUDZ5SjF2dWFnakhDY3lkTmhGTjllV1BwTkFWWnJKWVA1RXFsL2gKU2ZIZkJWb0VOVlZPUFB5ZzBqdGdsZXlFTEY4TVcwazU2ckZqSHhkdHpPN1J2TFlqSUpFNkJGbVp1VmE4RFl1aAptTy9qM1dCVGdQcGwyczhrSHZHNlZVN2wvb2RwZUJXTHJkVXRKQnlUbnVpWEdiOGRjRmdBRElUZmNpVT0KLS0tLS1FTkQgQ0VSVElGSUNBVEUtLS0tLQo=",
              "cluster_name": "tf-jx-evolved-mullet",
              "endpoint": "https://9593CF57BCF584C1C86ADCBA03901CA0.yl4.us-east-1.eks.amazonaws.com",
              "kubelet_extra_args": "",
              "platform": "linux",
              "pre_userdata": ""
            }
          }
        }
      ]
    },
    {
      "module": "module.eks-jx.module.cluster.module.eks",
      "mode": "data",
      "type": "template_file",
      "name": "worker_role_arns",
      "each": "list",
      "provider": "module.eks-jx.provider.template",
      "instances": [
        {
          "index_key": 0,
          "schema_version": 0,
          "attributes": {
            "filename": null,
            "id": "1ce52d97cb81ba99b871a083c707a9778353428322e09ba9a15ac94e2a7dfba8",
            "rendered": "- rolearn: arn:aws:iam::764217278004:role/tf-jx-evolved-mullet2020062213280170170000000e\n  username: system:node:{{EC2PrivateDNSName}}\n  groups:\n    - system:bootstrappers\n    - system:nodes\n",
            "template": "- rolearn: ${worker_role_arn}\n  username: system:node:{{EC2PrivateDNSName}}\n  groups:\n    - system:bootstrappers\n    - system:nodes\n    %{~ if platform == \"windows\" ~}\n    - eks:kube-proxy-windows\n    %{~ endif ~}\n",
            "vars": {
              "platform": "linux",
              "worker_role_arn": "arn:aws:iam::764217278004:role/tf-jx-evolved-mullet2020062213280170170000000e"
            }
          }
        }
      ]
    },
    {
      "module": "module.eks-jx.module.cluster.module.eks",
      "mode": "managed",
      "type": "aws_autoscaling_group",
      "name": "workers",
      "each": "list",
      "provider": "module.eks-jx.provider.aws",
      "instances": [
        {
          "index_key": 0,
          "schema_version": 0,
          "attributes": {
            "arn": "arn:aws:autoscaling:us-east-1:764217278004:autoScalingGroup:62c96772-b132-4560-aa04-c8fd873c6594:autoScalingGroupName/tf-jx-evolved-mullet-worker-group-tf-jx-evolved-mullet20200622132813002700000016",
            "availability_zones": [
              "us-east-1a",
              "us-east-1b",
              "us-east-1c"
            ],
            "default_cooldown": 300,
            "desired_capacity": 3,
            "enabled_metrics": null,
            "force_delete": false,
            "health_check_grace_period": 300,
            "health_check_type": "EC2",
            "id": "tf-jx-evolved-mullet-worker-group-tf-jx-evolved-mullet20200622132813002700000016",
            "initial_lifecycle_hook": [],
            "launch_configuration": "tf-jx-evolved-mullet-worker-group-tf-jx-evolved-mullet20200622132807693600000015",
            "launch_template": [],
            "load_balancers": [],
            "max_instance_lifetime": 0,
            "max_size": 5,
            "metrics_granularity": "1Minute",
            "min_elb_capacity": null,
            "min_size": 3,
            "mixed_instances_policy": [],
            "name": "tf-jx-evolved-mullet-worker-group-tf-jx-evolved-mullet20200622132813002700000016",
            "name_prefix": "tf-jx-evolved-mullet-worker-group-tf-jx-evolved-mullet",
            "placement_group": "",
            "protect_from_scale_in": false,
            "service_linked_role_arn": "arn:aws:iam::764217278004:role/aws-service-role/autoscaling.amazonaws.com/AWSServiceRoleForAutoScaling",
            "suspended_processes": [
              "AZRebalance"
            ],
            "tag": [],
            "tags": [
              {
                "key": "Name",
                "propagate_at_launch": "true",
                "value": "tf-jx-evolved-mullet-worker-group-tf-jx-evolved-mullet-eks_asg"
              },
              {
                "key": "k8s.io/cluster-autoscaler/enabled",
                "propagate_at_launch": "false",
                "value": "true"
              },
              {
                "key": "k8s.io/cluster-autoscaler/tf-jx-evolved-mullet",
                "propagate_at_launch": "false",
                "value": "true"
              },
              {
                "key": "k8s.io/cluster/tf-jx-evolved-mullet",
                "propagate_at_launch": "true",
                "value": "owned"
              },
              {
                "key": "kubernetes.io/cluster/tf-jx-evolved-mullet",
                "propagate_at_launch": "true",
                "value": "owned"
              }
            ],
            "target_group_arns": [],
            "termination_policies": [],
            "timeouts": null,
            "vpc_zone_identifier": [
              "subnet-03d1d35e4cfff9302",
              "subnet-083d38cc94cae41a5",
              "subnet-0e14c42b248a51b35"
            ],
            "wait_for_capacity_timeout": "10m",
            "wait_for_elb_capacity": null
          },
          "private": "eyJlMmJmYjczMC1lY2FhLTExZTYtOGY4OC0zNDM2M2JjN2M0YzAiOnsiZGVsZXRlIjo2MDAwMDAwMDAwMDB9fQ==",
          "dependencies": [
            "module.eks-jx.module.cluster.module.eks.aws_cloudwatch_log_group.this",
            "module.eks-jx.module.cluster.module.eks.aws_eks_cluster.this",
            "module.eks-jx.module.cluster.module.eks.aws_iam_instance_profile.workers",
            "module.eks-jx.module.cluster.module.eks.aws_iam_role.cluster",
            "module.eks-jx.module.cluster.module.eks.aws_iam_role.workers",
            "module.eks-jx.module.cluster.module.eks.aws_iam_role_policy_attachment.cluster_AmazonEKSClusterPolicy",
            "module.eks-jx.module.cluster.module.eks.aws_iam_role_policy_attachment.cluster_AmazonEKSServicePolicy",
            "module.eks-jx.module.cluster.module.eks.aws_launch_configuration.workers",
            "module.eks-jx.module.cluster.module.eks.aws_security_group.cluster",
            "module.eks-jx.module.cluster.module.eks.aws_security_group.workers",
            "module.eks-jx.module.cluster.module.eks.random_pet.workers",
            "module.eks-jx.module.cluster.module.vpc.aws_subnet.public",
            "module.eks-jx.module.cluster.module.vpc.aws_vpc.this",
            "module.eks-jx.module.cluster.module.vpc.aws_vpc_ipv4_cidr_block_association.this",
            "module.eks-jx.random_pet.current"
          ]
        }
      ]
    },
    {
      "module": "module.eks-jx.module.cluster.module.eks",
      "mode": "managed",
      "type": "aws_autoscaling_group",
      "name": "workers_launch_template",
      "each": "list",
      "provider": "module.eks-jx.provider.aws",
      "instances": []
    },
    {
      "module": "module.eks-jx.module.cluster.module.eks",
      "mode": "managed",
      "type": "aws_cloudwatch_log_group",
      "name": "this",
      "each": "list",
      "provider": "module.eks-jx.provider.aws",
      "instances": []
    },
    {
      "module": "module.eks-jx.module.cluster.module.vpc",
      "mode": "managed",
      "type": "aws_db_subnet_group",
      "name": "database",
      "each": "list",
      "provider": "module.eks-jx.provider.aws",
      "instances": []
    },
    {
      "module": "module.eks-jx.module.cluster.module.vpc",
      "mode": "managed",
      "type": "aws_default_network_acl",
      "name": "this",
      "each": "list",
      "provider": "module.eks-jx.provider.aws",
      "instances": []
    },
    {
      "module": "module.eks-jx.module.cluster.module.vpc",
      "mode": "managed",
      "type": "aws_default_vpc",
      "name": "this",
      "each": "list",
      "provider": "module.eks-jx.provider.aws",
      "instances": []
    },
    {
      "module": "module.eks-jx.module.vault",
      "mode": "managed",
      "type": "aws_dynamodb_table",
      "name": "vault-dynamodb-table",
      "provider": "module.eks-jx.provider.aws",
      "instances": [
        {
          "schema_version": 1,
          "attributes": {
            "arn": "arn:aws:dynamodb:us-east-1:764217278004:table/vault-unseal-tf-jx-evolved-mullet-KIKWr1r7",
            "attribute": [
              {
                "name": "Key",
                "type": "S"
              },
              {
                "name": "Path",
                "type": "S"
              }
            ],
            "billing_mode": "PROVISIONED",
            "global_secondary_index": [],
            "hash_key": "Path",
            "id": "vault-unseal-tf-jx-evolved-mullet-KIKWr1r7",
            "local_secondary_index": [],
            "name": "vault-unseal-tf-jx-evolved-mullet-KIKWr1r7",
            "point_in_time_recovery": [
              {
                "enabled": false
              }
            ],
            "range_key": "Key",
            "read_capacity": 2,
            "replica": [],
            "server_side_encryption": [],
            "stream_arn": "",
            "stream_enabled": false,
            "stream_label": "",
            "stream_view_type": "",
            "tags": {
              "Name": "vault-dynamo-db-table"
            },
            "timeouts": null,
            "ttl": [
              {
                "attribute_name": "",
                "enabled": false
              }
            ],
            "write_capacity": 2
          },
          "private": "eyJlMmJmYjczMC1lY2FhLTExZTYtOGY4OC0zNDM2M2JjN2M0YzAiOnsiY3JlYXRlIjo2MDAwMDAwMDAwMDAsImRlbGV0ZSI6NjAwMDAwMDAwMDAwLCJ1cGRhdGUiOjM2MDAwMDAwMDAwMDB9LCJzY2hlbWFfdmVyc2lvbiI6IjEifQ==",
          "dependencies": [
            "module.eks-jx.module.vault.random_string.suffix",
            "module.eks-jx.random_pet.current"
          ]
        }
      ]
    },
    {
      "module": "module.eks-jx.module.cluster.module.vpc",
      "mode": "managed",
      "type": "aws_eip",
      "name": "nat",
      "each": "list",
      "provider": "module.eks-jx.provider.aws",
      "instances": []
    },
    {
      "module": "module.eks-jx.module.cluster.module.eks",
      "mode": "managed",
      "type": "aws_eks_cluster",
      "name": "this",
      "each": "list",
      "provider": "module.eks-jx.provider.aws",
      "instances": [
        {
          "index_key": 0,
          "schema_version": 0,
          "attributes": {
            "arn": "arn:aws:eks:us-east-1:764217278004:cluster/tf-jx-evolved-mullet",
            "certificate_authority": [
              {
                "data": "LS0tLS1CRUdJTiBDRVJUSUZJQ0FURS0tLS0tCk1JSUN5RENDQWJDZ0F3SUJBZ0lCQURBTkJna3Foa2lHOXcwQkFRc0ZBREFWTVJNd0VRWURWUVFERXdwcmRXSmwKY201bGRHVnpNQjRYRFRJd01EWXlNakV6TWpNME9Wb1hEVE13TURZeU1ERXpNak0wT1Zvd0ZURVRNQkVHQTFVRQpBeE1LYTNWaVpYSnVaWFJsY3pDQ0FTSXdEUVlKS29aSWh2Y05BUUVCQlFBRGdnRVBBRENDQVFvQ2dnRUJBTlpHCjFFbkhaRU4zaXljOEhWYjkrc29YcTVXVHJja1RISFhjZDRETUMzRjJWK3NKZHUzSkVSMjB5UnVkbmdqVVArdzQKRDE5WnN3d0xyL05jb2ZpcnVPdzk4bWtKQlZSdStNa0RtU1JycjljaDduU2tQaTE3RFBadmlkZGwxeGoyNzhVagp0bFB6cUQ2Yk1yNDZkencyanhpK0poOGNLWnpscUwveVhTbEl4NnNvOHlOMUpaQWhvcnRsYk9WQVYwWnp2VmhSCm5nMGJDZnZSNG5JU2sxdDRnOEk3N3RzQ3pZdFkvM0Q0UmE0K0NzbGZLQTk1ZG91Y3NmaUtVMEFldEFnbFFVdTQKbEFrZDVFZmZuNStUdTRmM1BIcmFlcldOQUwvNUV5LzY3K2M0Mk13YW1pVVFySXkwMnhONWd4UktKRTlvcFVMTQp4dXNMY0lHd3ExalB5TlVaSzU4Q0F3RUFBYU1qTUNFd0RnWURWUjBQQVFIL0JBUURBZ0trTUE4R0ExVWRFd0VCCi93UUZNQU1CQWY4d0RRWUpLb1pJaHZjTkFRRUxCUUFEZ2dFQkFBZjZxWWl3Njk4Qzg1V0pjaU5ldzBlNnBxUzMKWHZ1NXBpcTdTcjV2YnlHdWQxb0V4a3d0OEhueWRBWTJ6ZmFRR0RyejBjbGJJUW1nRkZVVmxCeHVhMURQZTFuTgpqUUVQMU85enpiZ1AwRU5remQxNEM4WDNWZ0tJckF4cDk0UTc1eGlhOWpWcC85dXEybmE3eHBzRUZycHZMMlViCkNPVmdsWCtQcUpFbHBncU52RFFvOC80c0lmUDZ5SjF2dWFnakhDY3lkTmhGTjllV1BwTkFWWnJKWVA1RXFsL2gKU2ZIZkJWb0VOVlZPUFB5ZzBqdGdsZXlFTEY4TVcwazU2ckZqSHhkdHpPN1J2TFlqSUpFNkJGbVp1VmE4RFl1aAptTy9qM1dCVGdQcGwyczhrSHZHNlZVN2wvb2RwZUJXTHJkVXRKQnlUbnVpWEdiOGRjRmdBRElUZmNpVT0KLS0tLS1FTkQgQ0VSVElGSUNBVEUtLS0tLQo="
              }
            ],
            "created_at": "2020-06-22 13:14:26 +0000 UTC",
            "enabled_cluster_log_types": null,
            "encryption_config": [],
            "endpoint": "https://9593CF57BCF584C1C86ADCBA03901CA0.yl4.us-east-1.eks.amazonaws.com",
            "id": "tf-jx-evolved-mullet",
            "identity": [
              {
                "oidc": [
                  {
                    "issuer": "https://oidc.eks.us-east-1.amazonaws.com/id/9593CF57BCF584C1C86ADCBA03901CA0"
                  }
                ]
              }
            ],
            "name": "tf-jx-evolved-mullet",
            "platform_version": "eks.2",
            "role_arn": "arn:aws:iam::764217278004:role/tf-jx-evolved-mullet20200622131410409200000005",
            "status": "ACTIVE",
            "tags": null,
            "timeouts": {
              "create": "30m",
              "delete": "15m",
              "update": null
            },
            "version": "1.15",
            "vpc_config": [
              {
                "cluster_security_group_id": "sg-0c628ca91ec01f006",
                "endpoint_private_access": false,
                "endpoint_public_access": true,
                "public_access_cidrs": [
                  "0.0.0.0/0"
                ],
                "security_group_ids": [
                  "sg-0ad6fcd27a1b7a1be"
                ],
                "subnet_ids": [
                  "subnet-03d1d35e4cfff9302",
                  "subnet-083d38cc94cae41a5",
                  "subnet-0e14c42b248a51b35"
                ],
                "vpc_id": "vpc-09181e932edfd55df"
              }
            ]
          },
          "private": "eyJlMmJmYjczMC1lY2FhLTExZTYtOGY4OC0zNDM2M2JjN2M0YzAiOnsiY3JlYXRlIjoxODAwMDAwMDAwMDAwLCJkZWxldGUiOjkwMDAwMDAwMDAwMCwidXBkYXRlIjozNjAwMDAwMDAwMDAwfX0=",
          "dependencies": [
            "module.eks-jx.module.cluster.module.eks.aws_cloudwatch_log_group.this",
            "module.eks-jx.module.cluster.module.eks.aws_iam_role.cluster",
            "module.eks-jx.module.cluster.module.eks.aws_iam_role_policy_attachment.cluster_AmazonEKSClusterPolicy",
            "module.eks-jx.module.cluster.module.eks.aws_iam_role_policy_attachment.cluster_AmazonEKSServicePolicy",
            "module.eks-jx.module.cluster.module.eks.aws_security_group.cluster",
            "module.eks-jx.module.cluster.module.vpc.aws_subnet.public",
            "module.eks-jx.module.cluster.module.vpc.aws_vpc.this",
            "module.eks-jx.module.cluster.module.vpc.aws_vpc_ipv4_cidr_block_association.this",
            "module.eks-jx.random_pet.current"
          ]
        }
      ]
    },
    {
      "module": "module.eks-jx.module.cluster.module.eks.module.node_groups",
      "mode": "managed",
      "type": "aws_eks_node_group",
      "name": "workers",
      "each": "map",
      "provider": "module.eks-jx.provider.aws",
      "instances": []
    },
    {
      "module": "module.eks-jx.module.cluster.module.vpc",
      "mode": "managed",
      "type": "aws_elasticache_subnet_group",
      "name": "elasticache",
      "each": "list",
      "provider": "module.eks-jx.provider.aws",
      "instances": []
    },
    {
      "module": "module.eks-jx.module.vault",
      "mode": "managed",
      "type": "aws_iam_access_key",
      "name": "jenkins-x-vault",
      "each": "list",
      "provider": "module.eks-jx.provider.aws",
      "instances": [
        {
          "index_key": 0,
          "schema_version": 0,
          "attributes": {
            "encrypted_secret": null,
            "id": "AKIA3D3XGHY2H7ZPPDFU",
            "key_fingerprint": null,
            "pgp_key": null,
            "secret": "D67MLO+ePI4wxjvOsjSjZ7NNSItii1Y3JUyY+452",
            "ses_smtp_password": "Aoe51aC34Gem593cfNrenJXggcJg9bK7XtRXymNCbKLX",
            "ses_smtp_password_v4": "BHDrSnIBhAeVj/t7wQbnysUNFUJ/Y4yQAS/NJ69HKyNh",
            "status": "Active",
            "user": "jenkins-x-vault"
          },
          "private": "bnVsbA==",
          "dependencies": [
            "module.eks-jx.module.vault.aws_iam_user.jenkins-x-vault"
          ]
        }
      ]
    },
    {
      "module": "module.eks-jx.module.cluster.module.eks",
      "mode": "managed",
      "type": "aws_iam_instance_profile",
      "name": "workers",
      "each": "list",
      "provider": "module.eks-jx.provider.aws",
      "instances": [
        {
          "index_key": 0,
          "schema_version": 0,
          "attributes": {
            "arn": "arn:aws:iam::764217278004:instance-profile/tf-jx-evolved-mullet20200622132802830100000010",
            "create_date": "2020-06-22T13:28:04Z",
            "id": "tf-jx-evolved-mullet20200622132802830100000010",
            "name": "tf-jx-evolved-mullet20200622132802830100000010",
            "name_prefix": "tf-jx-evolved-mullet",
            "path": "/",
            "role": "tf-jx-evolved-mullet2020062213280170170000000e",
            "roles": [],
            "unique_id": "AIPA3D3XGHY2AF6EDYYV2"
          },
          "private": "bnVsbA==",
          "dependencies": [
            "module.eks-jx.module.cluster.module.eks.aws_cloudwatch_log_group.this",
            "module.eks-jx.module.cluster.module.eks.aws_eks_cluster.this",
            "module.eks-jx.module.cluster.module.eks.aws_iam_role.cluster",
            "module.eks-jx.module.cluster.module.eks.aws_iam_role.workers",
            "module.eks-jx.module.cluster.module.eks.aws_iam_role_policy_attachment.cluster_AmazonEKSClusterPolicy",
            "module.eks-jx.module.cluster.module.eks.aws_iam_role_policy_attachment.cluster_AmazonEKSServicePolicy",
            "module.eks-jx.module.cluster.module.eks.aws_security_group.cluster",
            "module.eks-jx.module.cluster.module.vpc.aws_subnet.public",
            "module.eks-jx.module.cluster.module.vpc.aws_vpc.this",
            "module.eks-jx.module.cluster.module.vpc.aws_vpc_ipv4_cidr_block_association.this",
            "module.eks-jx.random_pet.current"
          ]
        }
      ]
    },
    {
      "module": "module.eks-jx.module.cluster.module.eks",
      "mode": "managed",
      "type": "aws_iam_instance_profile",
      "name": "workers_launch_template",
      "each": "list",
      "provider": "module.eks-jx.provider.aws",
      "instances": []
    },
    {
      "module": "module.eks-jx.module.cluster.module.eks",
      "mode": "managed",
      "type": "aws_iam_openid_connect_provider",
      "name": "oidc_provider",
      "each": "list",
      "provider": "module.eks-jx.provider.aws",
      "instances": [
        {
          "index_key": 0,
          "schema_version": 0,
          "attributes": {
            "arn": "arn:aws:iam::764217278004:oidc-provider/oidc.eks.us-east-1.amazonaws.com/id/9593CF57BCF584C1C86ADCBA03901CA0",
            "client_id_list": [
              "sts.amazonaws.com"
            ],
            "id": "arn:aws:iam::764217278004:oidc-provider/oidc.eks.us-east-1.amazonaws.com/id/9593CF57BCF584C1C86ADCBA03901CA0",
            "thumbprint_list": [
              "9e99a48a9960b14926bb7f3b02e22da2b0ab7280"
            ],
            "url": "oidc.eks.us-east-1.amazonaws.com/id/9593CF57BCF584C1C86ADCBA03901CA0"
          },
          "private": "bnVsbA==",
          "dependencies": [
            "module.eks-jx.module.cluster.module.eks.aws_cloudwatch_log_group.this",
            "module.eks-jx.module.cluster.module.eks.aws_eks_cluster.this",
            "module.eks-jx.module.cluster.module.eks.aws_iam_role.cluster",
            "module.eks-jx.module.cluster.module.eks.aws_iam_role_policy_attachment.cluster_AmazonEKSClusterPolicy",
            "module.eks-jx.module.cluster.module.eks.aws_iam_role_policy_attachment.cluster_AmazonEKSServicePolicy",
            "module.eks-jx.module.cluster.module.eks.aws_security_group.cluster",
            "module.eks-jx.module.cluster.module.vpc.aws_subnet.public",
            "module.eks-jx.module.cluster.module.vpc.aws_vpc.this",
            "module.eks-jx.module.cluster.module.vpc.aws_vpc_ipv4_cidr_block_association.this",
            "module.eks-jx.random_pet.current"
          ]
        }
      ]
    },
    {
      "module": "module.eks-jx.module.vault",
      "mode": "managed",
      "type": "aws_iam_policy",
      "name": "aws_vault_user_policy",
      "provider": "module.eks-jx.provider.aws",
      "instances": [
        {
          "schema_version": 0,
          "attributes": {
            "arn": "arn:aws:iam::764217278004:policy/vault_us-east-1-2020062213142580280000000c",
            "description": "Vault Policy for the provided IAM User",
            "id": "arn:aws:iam::764217278004:policy/vault_us-east-1-2020062213142580280000000c",
            "name": "vault_us-east-1-2020062213142580280000000c",
            "name_prefix": "vault_us-east-1-",
            "path": "/",
            "policy": "{\n  \"Version\": \"2012-10-17\",\n  \"Statement\": [\n    {\n      \"Sid\": \"DynamoDB\",\n      \"Effect\": \"Allow\",\n      \"Action\": [\n        \"dynamodb:UpdateItem\",\n        \"dynamodb:Scan\",\n        \"dynamodb:Query\",\n        \"dynamodb:PutItem\",\n        \"dynamodb:ListTagsOfResource\",\n        \"dynamodb:ListTables\",\n        \"dynamodb:GetRecords\",\n        \"dynamodb:GetItem\",\n        \"dynamodb:DescribeTimeToLive\",\n        \"dynamodb:DescribeTable\",\n        \"dynamodb:DescribeReservedCapacityOfferings\",\n        \"dynamodb:DescribeReservedCapacity\",\n        \"dynamodb:DescribeLimits\",\n        \"dynamodb:DeleteItem\",\n        \"dynamodb:CreateTable\",\n        \"dynamodb:BatchWriteItem\",\n        \"dynamodb:BatchGetItem\"\n      ],\n      \"Resource\": \"arn:aws:dynamodb:us-east-1:764217278004:table/vault-unseal-tf-jx-evolved-mullet-KIKWr1r7\"\n    },\n    {\n      \"Sid\": \"S3\",\n      \"Effect\": \"Allow\",\n      \"Action\": [\n        \"s3:PutObject\",\n        \"s3:GetObject\"\n      ],\n      \"Resource\": \"arn:aws:s3:::vault-unseal-tf-jx-evolved-mullet-20200622131410414300000008/*\"\n    },\n    {\n      \"Sid\": \"S3List\",\n      \"Effect\": \"Allow\",\n      \"Action\": \"s3:ListBucket\",\n      \"Resource\": \"arn:aws:s3:::vault-unseal-tf-jx-evolved-mullet-20200622131410414300000008\"\n    },\n    {\n      \"Sid\": \"KMS\",\n      \"Effect\": \"Allow\",\n      \"Action\": [\n        \"kms:Encrypt\",\n        \"kms:Decrypt\"\n      ],\n      \"Resource\": \"arn:aws:kms:us-east-1:764217278004:key/688d2fd2-e84f-4ea1-85c5-425914fad020\"\n    }\n  ]\n}"
          },
          "private": "bnVsbA==",
          "dependencies": [
            "module.eks-jx.module.vault.aws_dynamodb_table.vault-dynamodb-table",
            "module.eks-jx.module.vault.aws_iam_user.jenkins-x-vault",
            "module.eks-jx.module.vault.aws_kms_key.kms_vault_unseal",
            "module.eks-jx.module.vault.aws_s3_bucket.vault-unseal-bucket",
            "module.eks-jx.module.vault.random_string.suffix",
            "module.eks-jx.random_pet.current"
          ]
        }
      ]
    },
    {
      "module": "module.eks-jx.module.cluster",
      "mode": "managed",
      "type": "aws_iam_policy",
      "name": "cert-manager",
      "provider": "module.eks-jx.provider.aws",
      "instances": [
        {
          "schema_version": 0,
          "attributes": {
            "arn": "arn:aws:iam::764217278004:policy/jenkins-x-cert-manager20200622131410405400000003",
            "description": "EKS cert-manager policy for cluster tf-jx-evolved-mullet",
            "id": "arn:aws:iam::764217278004:policy/jenkins-x-cert-manager20200622131410405400000003",
            "name": "jenkins-x-cert-manager20200622131410405400000003",
            "name_prefix": "jenkins-x-cert-manager",
            "path": "/",
            "policy": "{\n  \"Version\": \"2012-10-17\",\n  \"Statement\": [\n    {\n      \"Sid\": \"\",\n      \"Effect\": \"Allow\",\n      \"Action\": \"route53:GetChange\",\n      \"Resource\": \"arn:aws:route53:::change/*\"\n    },\n    {\n      \"Sid\": \"\",\n      \"Effect\": \"Allow\",\n      \"Action\": \"route53:ChangeResourceRecordSets\",\n      \"Resource\": \"arn:aws:route53:::hostedzone/*\"\n    },\n    {\n      \"Sid\": \"\",\n      \"Effect\": \"Allow\",\n      \"Action\": \"route53:ListHostedZonesByName\",\n      \"Resource\": \"*\"\n    }\n  ]\n}"
          },
          "private": "bnVsbA==",
          "dependencies": [
            "module.eks-jx.random_pet.current"
          ]
        }
      ]
    },
    {
      "module": "module.eks-jx.module.cluster",
      "mode": "managed",
      "type": "aws_iam_policy",
      "name": "external-dns",
      "provider": "module.eks-jx.provider.aws",
      "instances": [
        {
          "schema_version": 0,
          "attributes": {
            "arn": "arn:aws:iam::764217278004:policy/jenkins-x-external-dns20200622131410410800000007",
            "description": "EKS external-dns policy for cluster tf-jx-evolved-mullet",
            "id": "arn:aws:iam::764217278004:policy/jenkins-x-external-dns20200622131410410800000007",
            "name": "jenkins-x-external-dns20200622131410410800000007",
            "name_prefix": "jenkins-x-external-dns",
            "path": "/",
            "policy": "{\n  \"Version\": \"2012-10-17\",\n  \"Statement\": [\n    {\n      \"Sid\": \"\",\n      \"Effect\": \"Allow\",\n      \"Action\": \"route53:ChangeResourceRecordSets\",\n      \"Resource\": \"arn:aws:route53:::hostedzone/*\"\n    },\n    {\n      \"Sid\": \"\",\n      \"Effect\": \"Allow\",\n      \"Action\": [\n        \"route53:ListResourceRecordSets\",\n        \"route53:ListHostedZones\"\n      ],\n      \"Resource\": \"*\"\n    }\n  ]\n}"
          },
          "private": "bnVsbA==",
          "dependencies": [
            "module.eks-jx.random_pet.current"
          ]
        }
      ]
    },
    {
      "module": "module.eks-jx.module.cluster",
      "mode": "managed",
      "type": "aws_iam_policy",
      "name": "tekton-bot",
      "provider": "module.eks-jx.provider.aws",
      "instances": [
        {
          "schema_version": 0,
          "attributes": {
            "arn": "arn:aws:iam::764217278004:policy/jenkins-x-tekton-bot20200622131410409100000004",
            "description": "EKS tekton-bot policy for cluster tf-jx-evolved-mullet",
            "id": "arn:aws:iam::764217278004:policy/jenkins-x-tekton-bot20200622131410409100000004",
            "name": "jenkins-x-tekton-bot20200622131410409100000004",
            "name_prefix": "jenkins-x-tekton-bot",
            "path": "/",
            "policy": "{\n  \"Version\": \"2012-10-17\",\n  \"Statement\": [\n    {\n      \"Sid\": \"tektonBotPolicy\",\n      \"Effect\": \"Allow\",\n      \"Action\": [\n        \"s3:*\",\n        \"iam:GetPolicy\",\n        \"iam:GetOpenIDConnectProvider\",\n        \"iam:DetachRolePolicy\",\n        \"iam:DeleteRole\",\n        \"iam:CreatePolicy\",\n        \"eks:*\",\n        \"ecr:*\",\n        \"cloudformation:ListStacks\",\n        \"cloudformation:DescribeStacks\",\n        \"cloudformation:DeleteStack\",\n        \"cloudformation:CreateStack\"\n      ],\n      \"Resource\": \"*\"\n    }\n  ]\n}"
          },
          "private": "bnVsbA==",
          "dependencies": [
            "module.eks-jx.random_pet.current"
          ]
        }
      ]
    },
    {
      "module": "module.eks-jx.module.cluster.module.eks",
      "mode": "managed",
      "type": "aws_iam_role",
      "name": "cluster",
      "each": "list",
      "provider": "module.eks-jx.provider.aws",
      "instances": [
        {
          "index_key": 0,
          "schema_version": 0,
          "attributes": {
            "arn": "arn:aws:iam::764217278004:role/tf-jx-evolved-mullet20200622131410409200000005",
            "assume_role_policy": "{\"Version\":\"2012-10-17\",\"Statement\":[{\"Sid\":\"EKSClusterAssumeRole\",\"Effect\":\"Allow\",\"Principal\":{\"Service\":\"eks.amazonaws.com\"},\"Action\":\"sts:AssumeRole\"}]}",
            "create_date": "2020-06-22T13:14:12Z",
            "description": "",
            "force_detach_policies": true,
            "id": "tf-jx-evolved-mullet20200622131410409200000005",
            "max_session_duration": 3600,
            "name": "tf-jx-evolved-mullet20200622131410409200000005",
            "name_prefix": "tf-jx-evolved-mullet",
            "path": "/",
            "permissions_boundary": null,
            "tags": null,
            "unique_id": "AROA3D3XGHY2GZLX6Y7SU"
          },
          "private": "bnVsbA==",
          "dependencies": [
            "module.eks-jx.random_pet.current"
          ]
        }
      ]
    },
    {
      "module": "module.eks-jx.module.cluster.module.iam_assumable_role_cm_cainjector",
      "mode": "managed",
      "type": "aws_iam_role",
      "name": "this",
      "each": "list",
      "provider": "module.eks-jx.provider.aws",
      "instances": []
    },
    {
      "module": "module.eks-jx.module.cluster.module.iam_assumable_role_external_dns",
      "mode": "managed",
      "type": "aws_iam_role",
      "name": "this",
      "each": "list",
      "provider": "module.eks-jx.provider.aws",
      "instances": []
    },
    {
      "module": "module.eks-jx.module.cluster.module.iam_assumable_role_controllerbuild",
      "mode": "managed",
      "type": "aws_iam_role",
      "name": "this",
      "each": "list",
      "provider": "module.eks-jx.provider.aws",
      "instances": []
    },
    {
      "module": "module.eks-jx.module.cluster.module.iam_assumable_role_jxui",
      "mode": "managed",
      "type": "aws_iam_role",
      "name": "this",
      "each": "list",
      "provider": "module.eks-jx.provider.aws",
      "instances": []
    },
    {
      "module": "module.eks-jx.module.cluster.module.iam_assumable_role_cert_manager",
      "mode": "managed",
      "type": "aws_iam_role",
      "name": "this",
      "each": "list",
      "provider": "module.eks-jx.provider.aws",
      "instances": []
    },
    {
      "module": "module.eks-jx.module.cluster.module.iam_assumable_role_tekton_bot",
      "mode": "managed",
      "type": "aws_iam_role",
      "name": "this",
      "each": "list",
      "provider": "module.eks-jx.provider.aws",
      "instances": []
    },
    {
      "module": "module.eks-jx.module.cluster.module.eks",
      "mode": "managed",
      "type": "aws_iam_role",
      "name": "workers",
      "each": "list",
      "provider": "module.eks-jx.provider.aws",
      "instances": [
        {
          "index_key": 0,
          "schema_version": 0,
          "attributes": {
            "arn": "arn:aws:iam::764217278004:role/tf-jx-evolved-mullet2020062213280170170000000e",
            "assume_role_policy": "{\"Version\":\"2012-10-17\",\"Statement\":[{\"Sid\":\"EKSWorkerAssumeRole\",\"Effect\":\"Allow\",\"Principal\":{\"Service\":\"ec2.amazonaws.com\"},\"Action\":\"sts:AssumeRole\"}]}",
            "create_date": "2020-06-22T13:28:03Z",
            "description": "",
            "force_detach_policies": true,
            "id": "tf-jx-evolved-mullet2020062213280170170000000e",
            "max_session_duration": 3600,
            "name": "tf-jx-evolved-mullet2020062213280170170000000e",
            "name_prefix": "tf-jx-evolved-mullet",
            "path": "/",
            "permissions_boundary": null,
            "tags": null,
            "unique_id": "AROA3D3XGHY2IZSZLI357"
          },
          "private": "bnVsbA==",
          "dependencies": [
            "module.eks-jx.module.cluster.module.eks.aws_cloudwatch_log_group.this",
            "module.eks-jx.module.cluster.module.eks.aws_eks_cluster.this",
            "module.eks-jx.module.cluster.module.eks.aws_iam_role.cluster",
            "module.eks-jx.module.cluster.module.eks.aws_iam_role_policy_attachment.cluster_AmazonEKSClusterPolicy",
            "module.eks-jx.module.cluster.module.eks.aws_iam_role_policy_attachment.cluster_AmazonEKSServicePolicy",
            "module.eks-jx.module.cluster.module.eks.aws_security_group.cluster",
            "module.eks-jx.module.cluster.module.vpc.aws_subnet.public",
            "module.eks-jx.module.cluster.module.vpc.aws_vpc.this",
            "module.eks-jx.module.cluster.module.vpc.aws_vpc_ipv4_cidr_block_association.this",
            "module.eks-jx.random_pet.current"
          ]
        }
      ]
    },
    {
      "module": "module.eks-jx.module.cluster.module.eks",
      "mode": "managed",
      "type": "aws_iam_role_policy_attachment",
      "name": "cluster_AmazonEKSClusterPolicy",
      "each": "list",
      "provider": "module.eks-jx.provider.aws",
      "instances": [
        {
          "index_key": 0,
          "schema_version": 0,
          "attributes": {
            "id": "tf-jx-evolved-mullet20200622131410409200000005-2020062213141249590000000a",
            "policy_arn": "arn:aws:iam::aws:policy/AmazonEKSClusterPolicy",
            "role": "tf-jx-evolved-mullet20200622131410409200000005"
          },
          "private": "bnVsbA==",
          "dependencies": [
            "module.eks-jx.module.cluster.module.eks.aws_iam_role.cluster",
            "module.eks-jx.random_pet.current"
          ]
        }
      ]
    },
    {
      "module": "module.eks-jx.module.cluster.module.eks",
      "mode": "managed",
      "type": "aws_iam_role_policy_attachment",
      "name": "cluster_AmazonEKSServicePolicy",
      "each": "list",
      "provider": "module.eks-jx.provider.aws",
      "instances": [
        {
          "index_key": 0,
          "schema_version": 0,
          "attributes": {
            "id": "tf-jx-evolved-mullet20200622131410409200000005-20200622131412473200000009",
            "policy_arn": "arn:aws:iam::aws:policy/AmazonEKSServicePolicy",
            "role": "tf-jx-evolved-mullet20200622131410409200000005"
          },
          "private": "bnVsbA==",
          "dependencies": [
            "module.eks-jx.module.cluster.module.eks.aws_iam_role.cluster",
            "module.eks-jx.random_pet.current"
          ]
        }
      ]
    },
    {
      "module": "module.eks-jx.module.cluster.module.iam_assumable_role_cm_cainjector",
      "mode": "managed",
      "type": "aws_iam_role_policy_attachment",
      "name": "custom",
      "each": "list",
      "provider": "module.eks-jx.provider.aws",
      "instances": []
    },
    {
      "module": "module.eks-jx.module.cluster.module.iam_assumable_role_external_dns",
      "mode": "managed",
      "type": "aws_iam_role_policy_attachment",
      "name": "custom",
      "each": "list",
      "provider": "module.eks-jx.provider.aws",
      "instances": []
    },
    {
      "module": "module.eks-jx.module.cluster.module.iam_assumable_role_controllerbuild",
      "mode": "managed",
      "type": "aws_iam_role_policy_attachment",
      "name": "custom",
      "each": "list",
      "provider": "module.eks-jx.provider.aws",
      "instances": []
    },
    {
      "module": "module.eks-jx.module.cluster.module.iam_assumable_role_jxui",
      "mode": "managed",
      "type": "aws_iam_role_policy_attachment",
      "name": "custom",
      "each": "list",
      "provider": "module.eks-jx.provider.aws",
      "instances": []
    },
    {
      "module": "module.eks-jx.module.cluster.module.iam_assumable_role_cert_manager",
      "mode": "managed",
      "type": "aws_iam_role_policy_attachment",
      "name": "custom",
      "each": "list",
      "provider": "module.eks-jx.provider.aws",
      "instances": []
    },
    {
      "module": "module.eks-jx.module.cluster.module.iam_assumable_role_tekton_bot",
      "mode": "managed",
      "type": "aws_iam_role_policy_attachment",
      "name": "custom",
      "each": "list",
      "provider": "module.eks-jx.provider.aws",
      "instances": []
    },
    {
      "module": "module.eks-jx.module.cluster.module.eks",
      "mode": "managed",
      "type": "aws_iam_role_policy_attachment",
      "name": "workers_AmazonEC2ContainerRegistryReadOnly",
      "each": "list",
      "provider": "module.eks-jx.provider.aws",
      "instances": [
        {
          "index_key": 0,
          "schema_version": 0,
          "attributes": {
            "id": "tf-jx-evolved-mullet2020062213280170170000000e-20200622132803364600000014",
            "policy_arn": "arn:aws:iam::aws:policy/AmazonEC2ContainerRegistryReadOnly",
            "role": "tf-jx-evolved-mullet2020062213280170170000000e"
          },
          "private": "bnVsbA==",
          "dependencies": [
            "module.eks-jx.module.cluster.module.eks.aws_cloudwatch_log_group.this",
            "module.eks-jx.module.cluster.module.eks.aws_eks_cluster.this",
            "module.eks-jx.module.cluster.module.eks.aws_iam_role.cluster",
            "module.eks-jx.module.cluster.module.eks.aws_iam_role.workers",
            "module.eks-jx.module.cluster.module.eks.aws_iam_role_policy_attachment.cluster_AmazonEKSClusterPolicy",
            "module.eks-jx.module.cluster.module.eks.aws_iam_role_policy_attachment.cluster_AmazonEKSServicePolicy",
            "module.eks-jx.module.cluster.module.eks.aws_security_group.cluster",
            "module.eks-jx.module.cluster.module.vpc.aws_subnet.public",
            "module.eks-jx.module.cluster.module.vpc.aws_vpc.this",
            "module.eks-jx.module.cluster.module.vpc.aws_vpc_ipv4_cidr_block_association.this",
            "module.eks-jx.random_pet.current"
          ]
        }
      ]
    },
    {
      "module": "module.eks-jx.module.cluster.module.eks",
      "mode": "managed",
      "type": "aws_iam_role_policy_attachment",
      "name": "workers_AmazonEKSWorkerNodePolicy",
      "each": "list",
      "provider": "module.eks-jx.provider.aws",
      "instances": [
        {
          "index_key": 0,
          "schema_version": 0,
          "attributes": {
            "id": "tf-jx-evolved-mullet2020062213280170170000000e-20200622132803339200000012",
            "policy_arn": "arn:aws:iam::aws:policy/AmazonEKSWorkerNodePolicy",
            "role": "tf-jx-evolved-mullet2020062213280170170000000e"
          },
          "private": "bnVsbA==",
          "dependencies": [
            "module.eks-jx.module.cluster.module.eks.aws_cloudwatch_log_group.this",
            "module.eks-jx.module.cluster.module.eks.aws_eks_cluster.this",
            "module.eks-jx.module.cluster.module.eks.aws_iam_role.cluster",
            "module.eks-jx.module.cluster.module.eks.aws_iam_role.workers",
            "module.eks-jx.module.cluster.module.eks.aws_iam_role_policy_attachment.cluster_AmazonEKSClusterPolicy",
            "module.eks-jx.module.cluster.module.eks.aws_iam_role_policy_attachment.cluster_AmazonEKSServicePolicy",
            "module.eks-jx.module.cluster.module.eks.aws_security_group.cluster",
            "module.eks-jx.module.cluster.module.vpc.aws_subnet.public",
            "module.eks-jx.module.cluster.module.vpc.aws_vpc.this",
            "module.eks-jx.module.cluster.module.vpc.aws_vpc_ipv4_cidr_block_association.this",
            "module.eks-jx.random_pet.current"
          ]
        }
      ]
    },
    {
      "module": "module.eks-jx.module.cluster.module.eks",
      "mode": "managed",
      "type": "aws_iam_role_policy_attachment",
      "name": "workers_AmazonEKS_CNI_Policy",
      "each": "list",
      "provider": "module.eks-jx.provider.aws",
      "instances": [
        {
          "index_key": 0,
          "schema_version": 0,
          "attributes": {
            "id": "tf-jx-evolved-mullet2020062213280170170000000e-20200622132803342000000013",
            "policy_arn": "arn:aws:iam::aws:policy/AmazonEKS_CNI_Policy",
            "role": "tf-jx-evolved-mullet2020062213280170170000000e"
          },
          "private": "bnVsbA==",
          "dependencies": [
            "module.eks-jx.module.cluster.module.eks.aws_cloudwatch_log_group.this",
            "module.eks-jx.module.cluster.module.eks.aws_eks_cluster.this",
            "module.eks-jx.module.cluster.module.eks.aws_iam_role.cluster",
            "module.eks-jx.module.cluster.module.eks.aws_iam_role.workers",
            "module.eks-jx.module.cluster.module.eks.aws_iam_role_policy_attachment.cluster_AmazonEKSClusterPolicy",
            "module.eks-jx.module.cluster.module.eks.aws_iam_role_policy_attachment.cluster_AmazonEKSServicePolicy",
            "module.eks-jx.module.cluster.module.eks.aws_security_group.cluster",
            "module.eks-jx.module.cluster.module.vpc.aws_subnet.public",
            "module.eks-jx.module.cluster.module.vpc.aws_vpc.this",
            "module.eks-jx.module.cluster.module.vpc.aws_vpc_ipv4_cidr_block_association.this",
            "module.eks-jx.random_pet.current"
          ]
        }
      ]
    },
    {
      "module": "module.eks-jx.module.cluster.module.eks",
      "mode": "managed",
      "type": "aws_iam_role_policy_attachment",
      "name": "workers_additional_policies",
      "each": "list",
      "provider": "module.eks-jx.provider.aws",
      "instances": [
        {
          "index_key": 0,
          "schema_version": 0,
          "attributes": {
            "id": "tf-jx-evolved-mullet2020062213280170170000000e-20200622132803309900000011",
            "policy_arn": "arn:aws:iam::aws:policy/AmazonEC2ContainerRegistryPowerUser",
            "role": "tf-jx-evolved-mullet2020062213280170170000000e"
          },
          "private": "bnVsbA==",
          "dependencies": [
            "module.eks-jx.module.cluster.module.eks.aws_cloudwatch_log_group.this",
            "module.eks-jx.module.cluster.module.eks.aws_eks_cluster.this",
            "module.eks-jx.module.cluster.module.eks.aws_iam_role.cluster",
            "module.eks-jx.module.cluster.module.eks.aws_iam_role.workers",
            "module.eks-jx.module.cluster.module.eks.aws_iam_role_policy_attachment.cluster_AmazonEKSClusterPolicy",
            "module.eks-jx.module.cluster.module.eks.aws_iam_role_policy_attachment.cluster_AmazonEKSServicePolicy",
            "module.eks-jx.module.cluster.module.eks.aws_security_group.cluster",
            "module.eks-jx.module.cluster.module.vpc.aws_subnet.public",
            "module.eks-jx.module.cluster.module.vpc.aws_vpc.this",
            "module.eks-jx.module.cluster.module.vpc.aws_vpc_ipv4_cidr_block_association.this",
            "module.eks-jx.random_pet.current"
          ]
        }
      ]
    },
    {
      "module": "module.eks-jx.module.vault",
      "mode": "managed",
      "type": "aws_iam_user",
      "name": "jenkins-x-vault",
      "each": "list",
      "provider": "module.eks-jx.provider.aws",
      "instances": [
        {
          "index_key": 0,
          "schema_version": 0,
          "attributes": {
            "arn": "arn:aws:iam::764217278004:user/jenkins-x-vault",
            "force_destroy": false,
            "id": "jenkins-x-vault",
            "name": "jenkins-x-vault",
            "path": "/",
            "permissions_boundary": null,
            "tags": null,
            "unique_id": "AIDA3D3XGHY2LIFHWH356"
          },
          "private": "bnVsbA=="
        }
      ]
    },
    {
      "module": "module.eks-jx.module.vault",
      "mode": "managed",
      "type": "aws_iam_user_policy_attachment",
      "name": "attach_vault_policy_to_user",
      "provider": "module.eks-jx.provider.aws",
      "instances": [
        {
          "schema_version": 0,
          "attributes": {
            "id": "jenkins-x-vault-2020062213142774910000000d",
            "policy_arn": "arn:aws:iam::764217278004:policy/vault_us-east-1-2020062213142580280000000c",
            "user": "jenkins-x-vault"
          },
          "private": "bnVsbA==",
          "dependencies": [
            "module.eks-jx.module.vault.aws_dynamodb_table.vault-dynamodb-table",
            "module.eks-jx.module.vault.aws_iam_policy.aws_vault_user_policy",
            "module.eks-jx.module.vault.aws_iam_user.jenkins-x-vault",
            "module.eks-jx.module.vault.aws_kms_key.kms_vault_unseal",
            "module.eks-jx.module.vault.aws_s3_bucket.vault-unseal-bucket",
            "module.eks-jx.module.vault.random_string.suffix",
            "module.eks-jx.random_pet.current"
          ]
        }
      ]
    },
    {
      "module": "module.eks-jx.module.cluster.module.vpc",
      "mode": "managed",
      "type": "aws_internet_gateway",
      "name": "this",
      "each": "list",
      "provider": "module.eks-jx.provider.aws",
      "instances": [
        {
          "index_key": 0,
          "schema_version": 0,
          "attributes": {
            "arn": "arn:aws:ec2:us-east-1:764217278004:internet-gateway/igw-07ca410107adaff4b",
            "id": "igw-07ca410107adaff4b",
            "owner_id": "764217278004",
            "tags": {
              "Name": "tf-vpc-eks",
              "kubernetes.io/cluster/tf-jx-evolved-mullet": "shared"
            },
            "vpc_id": "vpc-09181e932edfd55df"
          },
          "private": "bnVsbA==",
          "dependencies": [
            "module.eks-jx.module.cluster.module.vpc.aws_vpc.this",
            "module.eks-jx.module.cluster.module.vpc.aws_vpc_ipv4_cidr_block_association.this",
            "module.eks-jx.random_pet.current"
          ]
        }
      ]
    },
    {
      "module": "module.eks-jx.module.vault",
      "mode": "managed",
      "type": "aws_kms_key",
      "name": "kms_vault_unseal",
      "provider": "module.eks-jx.provider.aws",
      "instances": [
        {
          "schema_version": 0,
          "attributes": {
            "arn": "arn:aws:kms:us-east-1:764217278004:key/688d2fd2-e84f-4ea1-85c5-425914fad020",
            "customer_master_key_spec": "SYMMETRIC_DEFAULT",
            "deletion_window_in_days": null,
            "description": "KMS Key for bank vault unseal",
            "enable_key_rotation": false,
            "id": "688d2fd2-e84f-4ea1-85c5-425914fad020",
            "is_enabled": true,
            "key_id": "688d2fd2-e84f-4ea1-85c5-425914fad020",
            "key_usage": "ENCRYPT_DECRYPT",
            "policy": "{\"Statement\":[{\"Action\":\"kms:*\",\"Effect\":\"Allow\",\"Principal\":{\"AWS\":[\"arn:aws:iam::764217278004:root\",\"arn:aws:iam::764217278004:user/jenkins-x-vault\"]},\"Resource\":\"*\",\"Sid\":\"EnableIAMUserPermissions\"}],\"Version\":\"2012-10-17\"}",
            "tags": null
          },
          "private": "bnVsbA==",
          "dependencies": [
            "module.eks-jx.module.vault.aws_iam_user.jenkins-x-vault"
          ]
        }
      ]
    },
    {
      "module": "module.eks-jx.module.cluster.module.eks",
      "mode": "managed",
      "type": "aws_launch_configuration",
      "name": "workers",
      "each": "list",
      "provider": "module.eks-jx.provider.aws",
      "instances": [
        {
          "index_key": 0,
          "schema_version": 0,
          "attributes": {
            "arn": "arn:aws:autoscaling:us-east-1:764217278004:launchConfiguration:f8e08f92-606a-4954-9777-05e65fef0dc8:launchConfigurationName/tf-jx-evolved-mullet-worker-group-tf-jx-evolved-mullet20200622132807693600000015",
            "associate_public_ip_address": false,
            "ebs_block_device": [],
            "ebs_optimized": true,
            "enable_monitoring": true,
            "ephemeral_block_device": [],
            "iam_instance_profile": "tf-jx-evolved-mullet20200622132802830100000010",
            "id": "tf-jx-evolved-mullet-worker-group-tf-jx-evolved-mullet20200622132807693600000015",
            "image_id": "ami-032663a68f9fba9c4",
            "instance_type": "m5.large",
            "key_name": "",
            "name": "tf-jx-evolved-mullet-worker-group-tf-jx-evolved-mullet20200622132807693600000015",
            "name_prefix": "tf-jx-evolved-mullet-worker-group-tf-jx-evolved-mullet",
            "placement_tenancy": "",
            "root_block_device": [
              {
                "delete_on_termination": true,
                "encrypted": false,
                "iops": 0,
                "volume_size": 100,
                "volume_type": "gp2"
              }
            ],
            "security_groups": [
              "sg-0a80d10f35c27955b"
            ],
            "spot_price": "",
            "user_data": null,
            "user_data_base64": "IyEvYmluL2Jhc2ggLXhlCgojIEFsbG93IHVzZXIgc3VwcGxpZWQgcHJlIHVzZXJkYXRhIGNvZGUKCgojIEJvb3RzdHJhcCBhbmQgam9pbiB0aGUgY2x1c3RlcgovZXRjL2Vrcy9ib290c3RyYXAuc2ggLS1iNjQtY2x1c3Rlci1jYSAnTFMwdExTMUNSVWRKVGlCRFJWSlVTVVpKUTBGVVJTMHRMUzB0Q2sxSlNVTjVSRU5EUVdKRFowRjNTVUpCWjBsQ1FVUkJUa0puYTNGb2EybEhPWGN3UWtGUmMwWkJSRUZXVFZKTmQwVlJXVVJXVVZGRVJYZHdjbVJYU213S1kyMDFiR1JIVm5wTlFqUllSRlJKZDAxRVdYbE5ha1Y2VFdwTk1FOVdiMWhFVkUxM1RVUlplVTFFUlhwTmFrMHdUMVp2ZDBaVVJWUk5Ra1ZIUVRGVlJRcEJlRTFMWVROV2FWcFlTblZhV0ZKc1kzcERRMEZUU1hkRVVWbEtTMjlhU1doMlkwNUJVVVZDUWxGQlJHZG5SVkJCUkVORFFWRnZRMmRuUlVKQlRscEhDakZGYmtoYVJVNHphWGxqT0VoV1lqa3JjMjlZY1RWWFZISmphMVJJU0ZoalpEUkVUVU16UmpKV0szTktaSFV6U2tWU01qQjVVblZrYm1kcVZWQXJkelFLUkRFNVduTjNkMHh5TDA1amIyWnBjblZQZHprNGJXdEtRbFpTZFN0TmEwUnRVMUp5Y2psamFEZHVVMnRRYVRFM1JGQmFkbWxrWkd3eGVHb3lOemhWYWdwMGJGQjZjVVEyWWsxeU5EWmtlbmN5YW5ocEswcG9PR05MV25wc2NVd3ZlVmhUYkVsNE5uTnZPSGxPTVVwYVFXaHZjblJzWWs5V1FWWXdXbnAyVm1oU0NtNW5NR0pEWm5aU05HNUpVMnN4ZERSbk9FazNOM1J6UTNwWmRGa3ZNMFEwVW1FMEswTnpiR1pMUVRrMVpHOTFZM05tYVV0Vk1FRmxkRUZuYkZGVmRUUUtiRUZyWkRWRlptWnVOU3RVZFRSbU0xQkljbUZsY2xkT1FVd3ZOVVY1THpZM0syTTBNazEzWVcxcFZWRnlTWGt3TW5oT05XZDRVa3RLUlRsdmNGVk1UUXA0ZFhOTVkwbEhkM0V4YWxCNVRsVmFTelU0UTBGM1JVRkJZVTFxVFVORmQwUm5XVVJXVWpCUVFWRklMMEpCVVVSQlowdHJUVUU0UjBFeFZXUkZkMFZDQ2k5M1VVWk5RVTFDUVdZNGQwUlJXVXBMYjFwSmFIWmpUa0ZSUlV4Q1VVRkVaMmRGUWtGQlpqWnhXV2wzTmprNFF6ZzFWMHBqYVU1bGR6QmxObkJ4VXpNS1dIWjFOWEJwY1RkVGNqVjJZbmxIZFdReGIwVjRhM2QwT0VodWVXUkJXVEo2Wm1GUlIwUnllakJqYkdKSlVXMW5Sa1pWVm14Q2VIVmhNVVJRWlRGdVRncHFVVVZRTVU4NWVucGlaMUF3UlU1cmVtUXhORU00V0ROV1owdEpja0Y0Y0RrMFVUYzFlR2xoT1dwV2NDODVkWEV5Ym1FM2VIQnpSVVp5Y0haTU1sVmlDa05QVm1kc1dDdFFjVXBGYkhCbmNVNTJSRkZ2T0M4MGMwbG1VRFo1U2pGMmRXRm5ha2hEWTNsa1RtaEdUamxsVjFCd1RrRldXbkpLV1ZBMVJYRnNMMmdLVTJaSVprSldiMFZPVmxaUFVGQjVaekJxZEdkc1pYbEZURVk0VFZjd2F6VTJja1pxU0hoa2RIcFBOMUoyVEZscVNVcEZOa0pHYlZwMVZtRTRSRmwxYUFwdFR5OXFNMWRDVkdkUWNHd3ljemhyU0haSE5sWlZOMnd2YjJSd1pVSlhUSEprVlhSS1FubFViblZwV0VkaU9HUmpSbWRCUkVsVVptTnBWVDBLTFMwdExTMUZUa1FnUTBWU1ZFbEdTVU5CVkVVdExTMHRMUW89JyAtLWFwaXNlcnZlci1lbmRwb2ludCAnaHR0cHM6Ly85NTkzQ0Y1N0JDRjU4NEMxQzg2QURDQkEwMzkwMUNBMC55bDQudXMtZWFzdC0xLmVrcy5hbWF6b25hd3MuY29tJyAgLS1rdWJlbGV0LWV4dHJhLWFyZ3MgIiIgJ3RmLWp4LWV2b2x2ZWQtbXVsbGV0JwoKIyBBbGxvdyB1c2VyIHN1cHBsaWVkIHVzZXJkYXRhIGNvZGUKCg==",
            "vpc_classic_link_id": "",
            "vpc_classic_link_security_groups": null
          },
          "private": "bnVsbA==",
          "dependencies": [
            "module.eks-jx.module.cluster.module.eks.aws_cloudwatch_log_group.this",
            "module.eks-jx.module.cluster.module.eks.aws_eks_cluster.this",
            "module.eks-jx.module.cluster.module.eks.aws_iam_instance_profile.workers",
            "module.eks-jx.module.cluster.module.eks.aws_iam_role.cluster",
            "module.eks-jx.module.cluster.module.eks.aws_iam_role.workers",
            "module.eks-jx.module.cluster.module.eks.aws_iam_role_policy_attachment.cluster_AmazonEKSClusterPolicy",
            "module.eks-jx.module.cluster.module.eks.aws_iam_role_policy_attachment.cluster_AmazonEKSServicePolicy",
            "module.eks-jx.module.cluster.module.eks.aws_security_group.cluster",
            "module.eks-jx.module.cluster.module.eks.aws_security_group.workers",
            "module.eks-jx.module.cluster.module.vpc.aws_subnet.public",
            "module.eks-jx.module.cluster.module.vpc.aws_vpc.this",
            "module.eks-jx.module.cluster.module.vpc.aws_vpc_ipv4_cidr_block_association.this",
            "module.eks-jx.random_pet.current"
          ]
        }
      ]
    },
    {
      "module": "module.eks-jx.module.cluster.module.eks",
      "mode": "managed",
      "type": "aws_launch_template",
      "name": "workers_launch_template",
      "each": "list",
      "provider": "module.eks-jx.provider.aws",
      "instances": []
    },
    {
      "module": "module.eks-jx.module.cluster.module.vpc",
      "mode": "managed",
      "type": "aws_nat_gateway",
      "name": "this",
      "each": "list",
      "provider": "module.eks-jx.provider.aws",
      "instances": []
    },
    {
      "module": "module.eks-jx.module.cluster.module.vpc",
      "mode": "managed",
      "type": "aws_network_acl",
      "name": "database",
      "each": "list",
      "provider": "module.eks-jx.provider.aws",
      "instances": []
    },
    {
      "module": "module.eks-jx.module.cluster.module.vpc",
      "mode": "managed",
      "type": "aws_network_acl",
      "name": "elasticache",
      "each": "list",
      "provider": "module.eks-jx.provider.aws",
      "instances": []
    },
    {
      "module": "module.eks-jx.module.cluster.module.vpc",
      "mode": "managed",
      "type": "aws_network_acl",
      "name": "intra",
      "each": "list",
      "provider": "module.eks-jx.provider.aws",
      "instances": []
    },
    {
      "module": "module.eks-jx.module.cluster.module.vpc",
      "mode": "managed",
      "type": "aws_network_acl",
      "name": "private",
      "each": "list",
      "provider": "module.eks-jx.provider.aws",
      "instances": []
    },
    {
      "module": "module.eks-jx.module.cluster.module.vpc",
      "mode": "managed",
      "type": "aws_network_acl",
      "name": "public",
      "each": "list",
      "provider": "module.eks-jx.provider.aws",
      "instances": []
    },
    {
      "module": "module.eks-jx.module.cluster.module.vpc",
      "mode": "managed",
      "type": "aws_network_acl",
      "name": "redshift",
      "each": "list",
      "provider": "module.eks-jx.provider.aws",
      "instances": []
    },
    {
      "module": "module.eks-jx.module.cluster.module.vpc",
      "mode": "managed",
      "type": "aws_network_acl_rule",
      "name": "database_inbound",
      "each": "list",
      "provider": "module.eks-jx.provider.aws",
      "instances": []
    },
    {
      "module": "module.eks-jx.module.cluster.module.vpc",
      "mode": "managed",
      "type": "aws_network_acl_rule",
      "name": "database_outbound",
      "each": "list",
      "provider": "module.eks-jx.provider.aws",
      "instances": []
    },
    {
      "module": "module.eks-jx.module.cluster.module.vpc",
      "mode": "managed",
      "type": "aws_network_acl_rule",
      "name": "elasticache_inbound",
      "each": "list",
      "provider": "module.eks-jx.provider.aws",
      "instances": []
    },
    {
      "module": "module.eks-jx.module.cluster.module.vpc",
      "mode": "managed",
      "type": "aws_network_acl_rule",
      "name": "elasticache_outbound",
      "each": "list",
      "provider": "module.eks-jx.provider.aws",
      "instances": []
    },
    {
      "module": "module.eks-jx.module.cluster.module.vpc",
      "mode": "managed",
      "type": "aws_network_acl_rule",
      "name": "intra_inbound",
      "each": "list",
      "provider": "module.eks-jx.provider.aws",
      "instances": []
    },
    {
      "module": "module.eks-jx.module.cluster.module.vpc",
      "mode": "managed",
      "type": "aws_network_acl_rule",
      "name": "intra_outbound",
      "each": "list",
      "provider": "module.eks-jx.provider.aws",
      "instances": []
    },
    {
      "module": "module.eks-jx.module.cluster.module.vpc",
      "mode": "managed",
      "type": "aws_network_acl_rule",
      "name": "private_inbound",
      "each": "list",
      "provider": "module.eks-jx.provider.aws",
      "instances": []
    },
    {
      "module": "module.eks-jx.module.cluster.module.vpc",
      "mode": "managed",
      "type": "aws_network_acl_rule",
      "name": "private_outbound",
      "each": "list",
      "provider": "module.eks-jx.provider.aws",
      "instances": []
    },
    {
      "module": "module.eks-jx.module.cluster.module.vpc",
      "mode": "managed",
      "type": "aws_network_acl_rule",
      "name": "public_inbound",
      "each": "list",
      "provider": "module.eks-jx.provider.aws",
      "instances": []
    },
    {
      "module": "module.eks-jx.module.cluster.module.vpc",
      "mode": "managed",
      "type": "aws_network_acl_rule",
      "name": "public_outbound",
      "each": "list",
      "provider": "module.eks-jx.provider.aws",
      "instances": []
    },
    {
      "module": "module.eks-jx.module.cluster.module.vpc",
      "mode": "managed",
      "type": "aws_network_acl_rule",
      "name": "redshift_inbound",
      "each": "list",
      "provider": "module.eks-jx.provider.aws",
      "instances": []
    },
    {
      "module": "module.eks-jx.module.cluster.module.vpc",
      "mode": "managed",
      "type": "aws_network_acl_rule",
      "name": "redshift_outbound",
      "each": "list",
      "provider": "module.eks-jx.provider.aws",
      "instances": []
    },
    {
      "module": "module.eks-jx.module.cluster.module.vpc",
      "mode": "managed",
      "type": "aws_redshift_subnet_group",
      "name": "redshift",
      "each": "list",
      "provider": "module.eks-jx.provider.aws",
      "instances": []
    },
    {
      "module": "module.eks-jx.module.cluster.module.vpc",
      "mode": "managed",
      "type": "aws_route",
      "name": "database_internet_gateway",
      "each": "list",
      "provider": "module.eks-jx.provider.aws",
      "instances": []
    },
    {
      "module": "module.eks-jx.module.cluster.module.vpc",
      "mode": "managed",
      "type": "aws_route",
      "name": "database_nat_gateway",
      "each": "list",
      "provider": "module.eks-jx.provider.aws",
      "instances": []
    },
    {
      "module": "module.eks-jx.module.cluster.module.vpc",
      "mode": "managed",
      "type": "aws_route",
      "name": "private_nat_gateway",
      "each": "list",
      "provider": "module.eks-jx.provider.aws",
      "instances": []
    },
    {
      "module": "module.eks-jx.module.cluster.module.vpc",
      "mode": "managed",
      "type": "aws_route",
      "name": "public_internet_gateway",
      "each": "list",
      "provider": "module.eks-jx.provider.aws",
      "instances": [
        {
          "index_key": 0,
          "schema_version": 0,
          "attributes": {
            "destination_cidr_block": "0.0.0.0/0",
            "destination_ipv6_cidr_block": null,
            "destination_prefix_list_id": "",
            "egress_only_gateway_id": "",
            "gateway_id": "igw-07ca410107adaff4b",
            "id": "r-rtb-04f0c481e57bd33b01080289494",
            "instance_id": "",
            "instance_owner_id": "",
            "nat_gateway_id": "",
            "network_interface_id": "",
            "origin": "CreateRoute",
            "route_table_id": "rtb-04f0c481e57bd33b0",
            "state": "active",
            "timeouts": {
              "create": "5m",
              "delete": null
            },
            "transit_gateway_id": "",
            "vpc_peering_connection_id": ""
          },
          "private": "eyJlMmJmYjczMC1lY2FhLTExZTYtOGY4OC0zNDM2M2JjN2M0YzAiOnsiY3JlYXRlIjozMDAwMDAwMDAwMDAsImRlbGV0ZSI6MzAwMDAwMDAwMDAwfX0=",
          "dependencies": [
            "module.eks-jx.module.cluster.module.vpc.aws_internet_gateway.this",
            "module.eks-jx.module.cluster.module.vpc.aws_route_table.public",
            "module.eks-jx.module.cluster.module.vpc.aws_vpc.this",
            "module.eks-jx.module.cluster.module.vpc.aws_vpc_ipv4_cidr_block_association.this",
            "module.eks-jx.random_pet.current"
          ]
        }
      ]
    },
    {
      "module": "module.eks-jx.module.dns",
      "mode": "managed",
      "type": "aws_route53_record",
      "name": "subdomain_ns_delegation",
      "each": "list",
      "provider": "module.eks-jx.provider.aws",
      "instances": []
    },
    {
      "module": "module.eks-jx.module.dns",
      "mode": "managed",
      "type": "aws_route53_zone",
      "name": "subdomain_zone",
      "each": "list",
      "provider": "module.eks-jx.provider.aws",
      "instances": []
    },
    {
      "module": "module.eks-jx.module.cluster.module.vpc",
      "mode": "managed",
      "type": "aws_route_table",
      "name": "database",
      "each": "list",
      "provider": "module.eks-jx.provider.aws",
      "instances": []
    },
    {
      "module": "module.eks-jx.module.cluster.module.vpc",
      "mode": "managed",
      "type": "aws_route_table",
      "name": "elasticache",
      "each": "list",
      "provider": "module.eks-jx.provider.aws",
      "instances": []
    },
    {
      "module": "module.eks-jx.module.cluster.module.vpc",
      "mode": "managed",
      "type": "aws_route_table",
      "name": "intra",
      "each": "list",
      "provider": "module.eks-jx.provider.aws",
      "instances": []
    },
    {
      "module": "module.eks-jx.module.cluster.module.vpc",
      "mode": "managed",
      "type": "aws_route_table",
      "name": "private",
      "each": "list",
      "provider": "module.eks-jx.provider.aws",
      "instances": []
    },
    {
      "module": "module.eks-jx.module.cluster.module.vpc",
      "mode": "managed",
      "type": "aws_route_table",
      "name": "public",
      "each": "list",
      "provider": "module.eks-jx.provider.aws",
      "instances": [
        {
          "index_key": 0,
          "schema_version": 0,
          "attributes": {
            "id": "rtb-04f0c481e57bd33b0",
            "owner_id": "764217278004",
            "propagating_vgws": [],
            "route": [],
            "tags": {
              "Name": "tf-vpc-eks-public",
              "kubernetes.io/cluster/tf-jx-evolved-mullet": "shared"
            },
            "vpc_id": "vpc-09181e932edfd55df"
          },
          "private": "bnVsbA==",
          "dependencies": [
            "module.eks-jx.module.cluster.module.vpc.aws_vpc.this",
            "module.eks-jx.module.cluster.module.vpc.aws_vpc_ipv4_cidr_block_association.this",
            "module.eks-jx.random_pet.current"
          ]
        }
      ]
    },
    {
      "module": "module.eks-jx.module.cluster.module.vpc",
      "mode": "managed",
      "type": "aws_route_table",
      "name": "redshift",
      "each": "list",
      "provider": "module.eks-jx.provider.aws",
      "instances": []
    },
    {
      "module": "module.eks-jx.module.cluster.module.vpc",
      "mode": "managed",
      "type": "aws_route_table_association",
      "name": "database",
      "each": "list",
      "provider": "module.eks-jx.provider.aws",
      "instances": []
    },
    {
      "module": "module.eks-jx.module.cluster.module.vpc",
      "mode": "managed",
      "type": "aws_route_table_association",
      "name": "elasticache",
      "each": "list",
      "provider": "module.eks-jx.provider.aws",
      "instances": []
    },
    {
      "module": "module.eks-jx.module.cluster.module.vpc",
      "mode": "managed",
      "type": "aws_route_table_association",
      "name": "intra",
      "each": "list",
      "provider": "module.eks-jx.provider.aws",
      "instances": []
    },
    {
      "module": "module.eks-jx.module.cluster.module.vpc",
      "mode": "managed",
      "type": "aws_route_table_association",
      "name": "private",
      "each": "list",
      "provider": "module.eks-jx.provider.aws",
      "instances": []
    },
    {
      "module": "module.eks-jx.module.cluster.module.vpc",
      "mode": "managed",
      "type": "aws_route_table_association",
      "name": "public",
      "each": "list",
      "provider": "module.eks-jx.provider.aws",
      "instances": [
        {
          "index_key": 0,
          "schema_version": 0,
          "attributes": {
            "gateway_id": null,
            "id": "rtbassoc-095cc21a89eb9f9dd",
            "route_table_id": "rtb-04f0c481e57bd33b0",
            "subnet_id": "subnet-083d38cc94cae41a5"
          },
          "private": "bnVsbA==",
          "dependencies": [
            "module.eks-jx.module.cluster.module.vpc.aws_route_table.public",
            "module.eks-jx.module.cluster.module.vpc.aws_subnet.public",
            "module.eks-jx.module.cluster.module.vpc.aws_vpc.this",
            "module.eks-jx.module.cluster.module.vpc.aws_vpc_ipv4_cidr_block_association.this",
            "module.eks-jx.random_pet.current"
          ]
        },
        {
          "index_key": 1,
          "schema_version": 0,
          "attributes": {
            "gateway_id": null,
            "id": "rtbassoc-028b72fea30faa6a0",
            "route_table_id": "rtb-04f0c481e57bd33b0",
            "subnet_id": "subnet-0e14c42b248a51b35"
          },
          "private": "bnVsbA==",
          "dependencies": [
            "module.eks-jx.module.cluster.module.vpc.aws_route_table.public",
            "module.eks-jx.module.cluster.module.vpc.aws_subnet.public",
            "module.eks-jx.module.cluster.module.vpc.aws_vpc.this",
            "module.eks-jx.module.cluster.module.vpc.aws_vpc_ipv4_cidr_block_association.this",
            "module.eks-jx.random_pet.current"
          ]
        },
        {
          "index_key": 2,
          "schema_version": 0,
          "attributes": {
            "gateway_id": null,
            "id": "rtbassoc-051c0646611978e24",
            "route_table_id": "rtb-04f0c481e57bd33b0",
            "subnet_id": "subnet-03d1d35e4cfff9302"
          },
          "private": "bnVsbA==",
          "dependencies": [
            "module.eks-jx.module.cluster.module.vpc.aws_route_table.public",
            "module.eks-jx.module.cluster.module.vpc.aws_subnet.public",
            "module.eks-jx.module.cluster.module.vpc.aws_vpc.this",
            "module.eks-jx.module.cluster.module.vpc.aws_vpc_ipv4_cidr_block_association.this",
            "module.eks-jx.random_pet.current"
          ]
        }
      ]
    },
    {
      "module": "module.eks-jx.module.cluster.module.vpc",
      "mode": "managed",
      "type": "aws_route_table_association",
      "name": "redshift",
      "each": "list",
      "provider": "module.eks-jx.provider.aws",
      "instances": []
    },
    {
      "module": "module.eks-jx.module.cluster.module.vpc",
      "mode": "managed",
      "type": "aws_route_table_association",
      "name": "redshift_public",
      "each": "list",
      "provider": "module.eks-jx.provider.aws",
      "instances": []
    },
    {
      "module": "module.eks-jx.module.cluster",
      "mode": "managed",
      "type": "aws_s3_bucket",
      "name": "logs_jenkins_x",
      "each": "list",
      "provider": "module.eks-jx.provider.aws",
      "instances": [
        {
          "index_key": 0,
          "schema_version": 0,
          "attributes": {
            "acceleration_status": "",
            "acl": "private",
            "arn": "arn:aws:s3:::logs-tf-jx-evolved-mullet-20200622131410405200000002",
            "bucket": "logs-tf-jx-evolved-mullet-20200622131410405200000002",
            "bucket_domain_name": "logs-tf-jx-evolved-mullet-20200622131410405200000002.s3.amazonaws.com",
            "bucket_prefix": "logs-tf-jx-evolved-mullet-",
            "bucket_regional_domain_name": "logs-tf-jx-evolved-mullet-20200622131410405200000002.s3.amazonaws.com",
            "cors_rule": [],
            "force_destroy": false,
            "grant": [],
            "hosted_zone_id": "Z3AQBSTGFYJSTF",
            "id": "logs-tf-jx-evolved-mullet-20200622131410405200000002",
            "lifecycle_rule": [],
            "logging": [],
            "object_lock_configuration": [],
            "policy": null,
            "region": "us-east-1",
            "replication_configuration": [],
            "request_payer": "BucketOwner",
            "server_side_encryption_configuration": [],
            "tags": {
              "Owner": "Jenkins-x"
            },
            "versioning": [
              {
                "enabled": false,
                "mfa_delete": false
              }
            ],
            "website": [],
            "website_domain": null,
            "website_endpoint": null
          },
          "private": "bnVsbA==",
          "dependencies": [
            "module.eks-jx.random_pet.current"
          ]
        }
      ]
    },
    {
      "module": "module.eks-jx.module.cluster",
      "mode": "managed",
      "type": "aws_s3_bucket",
      "name": "reports_jenkins_x",
      "each": "list",
      "provider": "module.eks-jx.provider.aws",
      "instances": [
        {
          "index_key": 0,
          "schema_version": 0,
          "attributes": {
            "acceleration_status": "",
            "acl": "private",
            "arn": "arn:aws:s3:::reports-tf-jx-evolved-mullet-20200622131410409600000006",
            "bucket": "reports-tf-jx-evolved-mullet-20200622131410409600000006",
            "bucket_domain_name": "reports-tf-jx-evolved-mullet-20200622131410409600000006.s3.amazonaws.com",
            "bucket_prefix": "reports-tf-jx-evolved-mullet-",
            "bucket_regional_domain_name": "reports-tf-jx-evolved-mullet-20200622131410409600000006.s3.amazonaws.com",
            "cors_rule": [],
            "force_destroy": false,
            "grant": [],
            "hosted_zone_id": "Z3AQBSTGFYJSTF",
            "id": "reports-tf-jx-evolved-mullet-20200622131410409600000006",
            "lifecycle_rule": [],
            "logging": [],
            "object_lock_configuration": [],
            "policy": null,
            "region": "us-east-1",
            "replication_configuration": [],
            "request_payer": "BucketOwner",
            "server_side_encryption_configuration": [],
            "tags": {
              "Owner": "Jenkins-x"
            },
            "versioning": [
              {
                "enabled": false,
                "mfa_delete": false
              }
            ],
            "website": [],
            "website_domain": null,
            "website_endpoint": null
          },
          "private": "bnVsbA==",
          "dependencies": [
            "module.eks-jx.random_pet.current"
          ]
        }
      ]
    },
    {
      "module": "module.eks-jx.module.cluster",
      "mode": "managed",
      "type": "aws_s3_bucket",
      "name": "repository_jenkins_x",
      "each": "list",
      "provider": "module.eks-jx.provider.aws",
      "instances": [
        {
          "index_key": 0,
          "schema_version": 0,
          "attributes": {
            "acceleration_status": "",
            "acl": "private",
            "arn": "arn:aws:s3:::repository-tf-jx-evolved-mullet-20200622131410394200000001",
            "bucket": "repository-tf-jx-evolved-mullet-20200622131410394200000001",
            "bucket_domain_name": "repository-tf-jx-evolved-mullet-20200622131410394200000001.s3.amazonaws.com",
            "bucket_prefix": "repository-tf-jx-evolved-mullet-",
            "bucket_regional_domain_name": "repository-tf-jx-evolved-mullet-20200622131410394200000001.s3.amazonaws.com",
            "cors_rule": [],
            "force_destroy": false,
            "grant": [],
            "hosted_zone_id": "Z3AQBSTGFYJSTF",
            "id": "repository-tf-jx-evolved-mullet-20200622131410394200000001",
            "lifecycle_rule": [],
            "logging": [],
            "object_lock_configuration": [],
            "policy": null,
            "region": "us-east-1",
            "replication_configuration": [],
            "request_payer": "BucketOwner",
            "server_side_encryption_configuration": [],
            "tags": {
              "Owner": "Jenkins-x"
            },
            "versioning": [
              {
                "enabled": false,
                "mfa_delete": false
              }
            ],
            "website": [],
            "website_domain": null,
            "website_endpoint": null
          },
          "private": "bnVsbA==",
          "dependencies": [
            "module.eks-jx.random_pet.current"
          ]
        }
      ]
    },
    {
      "module": "module.eks-jx.module.vault",
      "mode": "managed",
      "type": "aws_s3_bucket",
      "name": "vault-unseal-bucket",
      "provider": "module.eks-jx.provider.aws",
      "instances": [
        {
          "schema_version": 0,
          "attributes": {
            "acceleration_status": "",
            "acl": "private",
            "arn": "arn:aws:s3:::vault-unseal-tf-jx-evolved-mullet-20200622131410414300000008",
            "bucket": "vault-unseal-tf-jx-evolved-mullet-20200622131410414300000008",
            "bucket_domain_name": "vault-unseal-tf-jx-evolved-mullet-20200622131410414300000008.s3.amazonaws.com",
            "bucket_prefix": "vault-unseal-tf-jx-evolved-mullet-",
            "bucket_regional_domain_name": "vault-unseal-tf-jx-evolved-mullet-20200622131410414300000008.s3.amazonaws.com",
            "cors_rule": [],
            "force_destroy": false,
            "grant": [],
            "hosted_zone_id": "Z3AQBSTGFYJSTF",
            "id": "vault-unseal-tf-jx-evolved-mullet-20200622131410414300000008",
            "lifecycle_rule": [],
            "logging": [],
            "object_lock_configuration": [],
            "policy": null,
            "region": "us-east-1",
            "replication_configuration": [],
            "request_payer": "BucketOwner",
            "server_side_encryption_configuration": [],
            "tags": {
              "Name": "Vault unseal bucket"
            },
            "versioning": [
              {
                "enabled": false,
                "mfa_delete": false
              }
            ],
            "website": [],
            "website_domain": null,
            "website_endpoint": null
          },
          "private": "bnVsbA==",
          "dependencies": [
            "module.eks-jx.random_pet.current"
          ]
        }
      ]
    },
    {
      "module": "module.eks-jx.module.cluster.module.eks",
      "mode": "managed",
      "type": "aws_security_group",
      "name": "cluster",
      "each": "list",
      "provider": "module.eks-jx.provider.aws",
      "instances": [
        {
          "index_key": 0,
          "schema_version": 1,
          "attributes": {
            "arn": "arn:aws:ec2:us-east-1:764217278004:security-group/sg-0ad6fcd27a1b7a1be",
            "description": "EKS cluster security group.",
            "egress": [],
            "id": "sg-0ad6fcd27a1b7a1be",
            "ingress": [],
            "name": "tf-jx-evolved-mullet2020062213141737640000000b",
            "name_prefix": "tf-jx-evolved-mullet",
            "owner_id": "764217278004",
            "revoke_rules_on_delete": false,
            "tags": {
              "Name": "tf-jx-evolved-mullet-eks_cluster_sg"
            },
            "timeouts": null,
            "vpc_id": "vpc-09181e932edfd55df"
          },
          "private": "eyJlMmJmYjczMC1lY2FhLTExZTYtOGY4OC0zNDM2M2JjN2M0YzAiOnsiY3JlYXRlIjo2MDAwMDAwMDAwMDAsImRlbGV0ZSI6NjAwMDAwMDAwMDAwfSwic2NoZW1hX3ZlcnNpb24iOiIxIn0=",
          "dependencies": [
            "module.eks-jx.module.cluster.module.vpc.aws_vpc.this",
            "module.eks-jx.random_pet.current"
          ]
        }
      ]
    },
    {
      "module": "module.eks-jx.module.cluster.module.eks",
      "mode": "managed",
      "type": "aws_security_group",
      "name": "workers",
      "each": "list",
      "provider": "module.eks-jx.provider.aws",
      "instances": [
        {
          "index_key": 0,
          "schema_version": 1,
          "attributes": {
            "arn": "arn:aws:ec2:us-east-1:764217278004:security-group/sg-0a80d10f35c27955b",
            "description": "Security group for all nodes in the cluster.",
            "egress": [],
            "id": "sg-0a80d10f35c27955b",
            "ingress": [],
            "name": "tf-jx-evolved-mullet2020062213280170290000000f",
            "name_prefix": "tf-jx-evolved-mullet",
            "owner_id": "764217278004",
            "revoke_rules_on_delete": false,
            "tags": {
              "Name": "tf-jx-evolved-mullet-eks_worker_sg",
              "kubernetes.io/cluster/tf-jx-evolved-mullet": "owned"
            },
            "timeouts": null,
            "vpc_id": "vpc-09181e932edfd55df"
          },
          "private": "eyJlMmJmYjczMC1lY2FhLTExZTYtOGY4OC0zNDM2M2JjN2M0YzAiOnsiY3JlYXRlIjo2MDAwMDAwMDAwMDAsImRlbGV0ZSI6NjAwMDAwMDAwMDAwfSwic2NoZW1hX3ZlcnNpb24iOiIxIn0=",
          "dependencies": [
            "module.eks-jx.module.cluster.module.eks.aws_cloudwatch_log_group.this",
            "module.eks-jx.module.cluster.module.eks.aws_eks_cluster.this",
            "module.eks-jx.module.cluster.module.eks.aws_iam_role.cluster",
            "module.eks-jx.module.cluster.module.eks.aws_iam_role_policy_attachment.cluster_AmazonEKSClusterPolicy",
            "module.eks-jx.module.cluster.module.eks.aws_iam_role_policy_attachment.cluster_AmazonEKSServicePolicy",
            "module.eks-jx.module.cluster.module.eks.aws_security_group.cluster",
            "module.eks-jx.module.cluster.module.vpc.aws_subnet.public",
            "module.eks-jx.module.cluster.module.vpc.aws_vpc.this",
            "module.eks-jx.module.cluster.module.vpc.aws_vpc_ipv4_cidr_block_association.this",
            "module.eks-jx.random_pet.current"
          ]
        }
      ]
    },
    {
      "module": "module.eks-jx.module.cluster.module.eks",
      "mode": "managed",
      "type": "aws_security_group_rule",
      "name": "cluster_egress_internet",
      "each": "list",
      "provider": "module.eks-jx.provider.aws",
      "instances": [
        {
          "index_key": 0,
          "schema_version": 2,
          "attributes": {
            "cidr_blocks": [
              "0.0.0.0/0"
            ],
            "description": "Allow cluster egress access to the Internet.",
            "from_port": 0,
            "id": "sgrule-482193842",
            "ipv6_cidr_blocks": null,
            "prefix_list_ids": null,
            "protocol": "-1",
            "security_group_id": "sg-0ad6fcd27a1b7a1be",
            "self": false,
            "source_security_group_id": null,
            "to_port": 0,
            "type": "egress"
          },
          "private": "eyJzY2hlbWFfdmVyc2lvbiI6IjIifQ==",
          "dependencies": [
            "module.eks-jx.module.cluster.module.eks.aws_security_group.cluster",
            "module.eks-jx.module.cluster.module.vpc.aws_vpc.this",
            "module.eks-jx.random_pet.current"
          ]
        }
      ]
    },
    {
      "module": "module.eks-jx.module.cluster.module.eks",
      "mode": "managed",
      "type": "aws_security_group_rule",
      "name": "cluster_https_worker_ingress",
      "each": "list",
      "provider": "module.eks-jx.provider.aws",
      "instances": [
        {
          "index_key": 0,
          "schema_version": 2,
          "attributes": {
            "cidr_blocks": null,
            "description": "Allow pods to communicate with the EKS cluster API.",
            "from_port": 443,
            "id": "sgrule-1358001109",
            "ipv6_cidr_blocks": null,
            "prefix_list_ids": null,
            "protocol": "tcp",
            "security_group_id": "sg-0ad6fcd27a1b7a1be",
            "self": false,
            "source_security_group_id": "sg-0a80d10f35c27955b",
            "to_port": 443,
            "type": "ingress"
          },
          "private": "eyJzY2hlbWFfdmVyc2lvbiI6IjIifQ==",
          "dependencies": [
            "module.eks-jx.module.cluster.module.eks.aws_cloudwatch_log_group.this",
            "module.eks-jx.module.cluster.module.eks.aws_eks_cluster.this",
            "module.eks-jx.module.cluster.module.eks.aws_iam_role.cluster",
            "module.eks-jx.module.cluster.module.eks.aws_iam_role_policy_attachment.cluster_AmazonEKSClusterPolicy",
            "module.eks-jx.module.cluster.module.eks.aws_iam_role_policy_attachment.cluster_AmazonEKSServicePolicy",
            "module.eks-jx.module.cluster.module.eks.aws_security_group.cluster",
            "module.eks-jx.module.cluster.module.eks.aws_security_group.workers",
            "module.eks-jx.module.cluster.module.vpc.aws_subnet.public",
            "module.eks-jx.module.cluster.module.vpc.aws_vpc.this",
            "module.eks-jx.module.cluster.module.vpc.aws_vpc_ipv4_cidr_block_association.this",
            "module.eks-jx.random_pet.current"
          ]
        }
      ]
    },
    {
      "module": "module.eks-jx.module.cluster.module.eks",
      "mode": "managed",
      "type": "aws_security_group_rule",
      "name": "workers_egress_internet",
      "each": "list",
      "provider": "module.eks-jx.provider.aws",
      "instances": [
        {
          "index_key": 0,
          "schema_version": 2,
          "attributes": {
            "cidr_blocks": [
              "0.0.0.0/0"
            ],
            "description": "Allow nodes all egress to the Internet.",
            "from_port": 0,
            "id": "sgrule-3413124977",
            "ipv6_cidr_blocks": null,
            "prefix_list_ids": null,
            "protocol": "-1",
            "security_group_id": "sg-0a80d10f35c27955b",
            "self": false,
            "source_security_group_id": null,
            "to_port": 0,
            "type": "egress"
          },
          "private": "eyJzY2hlbWFfdmVyc2lvbiI6IjIifQ==",
          "dependencies": [
            "module.eks-jx.module.cluster.module.eks.aws_cloudwatch_log_group.this",
            "module.eks-jx.module.cluster.module.eks.aws_eks_cluster.this",
            "module.eks-jx.module.cluster.module.eks.aws_iam_role.cluster",
            "module.eks-jx.module.cluster.module.eks.aws_iam_role_policy_attachment.cluster_AmazonEKSClusterPolicy",
            "module.eks-jx.module.cluster.module.eks.aws_iam_role_policy_attachment.cluster_AmazonEKSServicePolicy",
            "module.eks-jx.module.cluster.module.eks.aws_security_group.cluster",
            "module.eks-jx.module.cluster.module.eks.aws_security_group.workers",
            "module.eks-jx.module.cluster.module.vpc.aws_subnet.public",
            "module.eks-jx.module.cluster.module.vpc.aws_vpc.this",
            "module.eks-jx.module.cluster.module.vpc.aws_vpc_ipv4_cidr_block_association.this",
            "module.eks-jx.random_pet.current"
          ]
        }
      ]
    },
    {
      "module": "module.eks-jx.module.cluster.module.eks",
      "mode": "managed",
      "type": "aws_security_group_rule",
      "name": "workers_ingress_cluster",
      "each": "list",
      "provider": "module.eks-jx.provider.aws",
      "instances": [
        {
          "index_key": 0,
          "schema_version": 2,
          "attributes": {
            "cidr_blocks": null,
            "description": "Allow workers pods to receive communication from the cluster control plane.",
            "from_port": 1025,
            "id": "sgrule-3926015457",
            "ipv6_cidr_blocks": null,
            "prefix_list_ids": null,
            "protocol": "tcp",
            "security_group_id": "sg-0a80d10f35c27955b",
            "self": false,
            "source_security_group_id": "sg-0ad6fcd27a1b7a1be",
            "to_port": 65535,
            "type": "ingress"
          },
          "private": "eyJzY2hlbWFfdmVyc2lvbiI6IjIifQ==",
          "dependencies": [
            "module.eks-jx.module.cluster.module.eks.aws_cloudwatch_log_group.this",
            "module.eks-jx.module.cluster.module.eks.aws_eks_cluster.this",
            "module.eks-jx.module.cluster.module.eks.aws_iam_role.cluster",
            "module.eks-jx.module.cluster.module.eks.aws_iam_role_policy_attachment.cluster_AmazonEKSClusterPolicy",
            "module.eks-jx.module.cluster.module.eks.aws_iam_role_policy_attachment.cluster_AmazonEKSServicePolicy",
            "module.eks-jx.module.cluster.module.eks.aws_security_group.cluster",
            "module.eks-jx.module.cluster.module.eks.aws_security_group.workers",
            "module.eks-jx.module.cluster.module.vpc.aws_subnet.public",
            "module.eks-jx.module.cluster.module.vpc.aws_vpc.this",
            "module.eks-jx.module.cluster.module.vpc.aws_vpc_ipv4_cidr_block_association.this",
            "module.eks-jx.random_pet.current"
          ]
        }
      ]
    },
    {
      "module": "module.eks-jx.module.cluster.module.eks",
      "mode": "managed",
      "type": "aws_security_group_rule",
      "name": "workers_ingress_cluster_https",
      "each": "list",
      "provider": "module.eks-jx.provider.aws",
      "instances": [
        {
          "index_key": 0,
          "schema_version": 2,
          "attributes": {
            "cidr_blocks": null,
            "description": "Allow pods running extension API servers on port 443 to receive communication from cluster control plane.",
            "from_port": 443,
            "id": "sgrule-1579346417",
            "ipv6_cidr_blocks": null,
            "prefix_list_ids": null,
            "protocol": "tcp",
            "security_group_id": "sg-0a80d10f35c27955b",
            "self": false,
            "source_security_group_id": "sg-0ad6fcd27a1b7a1be",
            "to_port": 443,
            "type": "ingress"
          },
          "private": "eyJzY2hlbWFfdmVyc2lvbiI6IjIifQ==",
          "dependencies": [
            "module.eks-jx.module.cluster.module.eks.aws_cloudwatch_log_group.this",
            "module.eks-jx.module.cluster.module.eks.aws_eks_cluster.this",
            "module.eks-jx.module.cluster.module.eks.aws_iam_role.cluster",
            "module.eks-jx.module.cluster.module.eks.aws_iam_role_policy_attachment.cluster_AmazonEKSClusterPolicy",
            "module.eks-jx.module.cluster.module.eks.aws_iam_role_policy_attachment.cluster_AmazonEKSServicePolicy",
            "module.eks-jx.module.cluster.module.eks.aws_security_group.cluster",
            "module.eks-jx.module.cluster.module.eks.aws_security_group.workers",
            "module.eks-jx.module.cluster.module.vpc.aws_subnet.public",
            "module.eks-jx.module.cluster.module.vpc.aws_vpc.this",
            "module.eks-jx.module.cluster.module.vpc.aws_vpc_ipv4_cidr_block_association.this",
            "module.eks-jx.random_pet.current"
          ]
        }
      ]
    },
    {
      "module": "module.eks-jx.module.cluster.module.eks",
      "mode": "managed",
      "type": "aws_security_group_rule",
      "name": "workers_ingress_cluster_kubelet",
      "each": "list",
      "provider": "module.eks-jx.provider.aws",
      "instances": []
    },
    {
      "module": "module.eks-jx.module.cluster.module.eks",
      "mode": "managed",
      "type": "aws_security_group_rule",
      "name": "workers_ingress_self",
      "each": "list",
      "provider": "module.eks-jx.provider.aws",
      "instances": [
        {
          "index_key": 0,
          "schema_version": 2,
          "attributes": {
            "cidr_blocks": null,
            "description": "Allow node to communicate with each other.",
            "from_port": 0,
            "id": "sgrule-726380090",
            "ipv6_cidr_blocks": null,
            "prefix_list_ids": null,
            "protocol": "-1",
            "security_group_id": "sg-0a80d10f35c27955b",
            "self": false,
            "source_security_group_id": "sg-0a80d10f35c27955b",
            "to_port": 65535,
            "type": "ingress"
          },
          "private": "eyJzY2hlbWFfdmVyc2lvbiI6IjIifQ==",
          "dependencies": [
            "module.eks-jx.module.cluster.module.eks.aws_cloudwatch_log_group.this",
            "module.eks-jx.module.cluster.module.eks.aws_eks_cluster.this",
            "module.eks-jx.module.cluster.module.eks.aws_iam_role.cluster",
            "module.eks-jx.module.cluster.module.eks.aws_iam_role_policy_attachment.cluster_AmazonEKSClusterPolicy",
            "module.eks-jx.module.cluster.module.eks.aws_iam_role_policy_attachment.cluster_AmazonEKSServicePolicy",
            "module.eks-jx.module.cluster.module.eks.aws_security_group.cluster",
            "module.eks-jx.module.cluster.module.eks.aws_security_group.workers",
            "module.eks-jx.module.cluster.module.vpc.aws_subnet.public",
            "module.eks-jx.module.cluster.module.vpc.aws_vpc.this",
            "module.eks-jx.module.cluster.module.vpc.aws_vpc_ipv4_cidr_block_association.this",
            "module.eks-jx.random_pet.current"
          ]
        }
      ]
    },
    {
      "module": "module.eks-jx.module.cluster.module.vpc",
      "mode": "managed",
      "type": "aws_subnet",
      "name": "database",
      "each": "list",
      "provider": "module.eks-jx.provider.aws",
      "instances": []
    },
    {
      "module": "module.eks-jx.module.cluster.module.vpc",
      "mode": "managed",
      "type": "aws_subnet",
      "name": "elasticache",
      "each": "list",
      "provider": "module.eks-jx.provider.aws",
      "instances": []
    },
    {
      "module": "module.eks-jx.module.cluster.module.vpc",
      "mode": "managed",
      "type": "aws_subnet",
      "name": "intra",
      "each": "list",
      "provider": "module.eks-jx.provider.aws",
      "instances": []
    },
    {
      "module": "module.eks-jx.module.cluster.module.vpc",
      "mode": "managed",
      "type": "aws_subnet",
      "name": "private",
      "each": "list",
      "provider": "module.eks-jx.provider.aws",
      "instances": []
    },
    {
      "module": "module.eks-jx.module.cluster.module.vpc",
      "mode": "managed",
      "type": "aws_subnet",
      "name": "public",
      "each": "list",
      "provider": "module.eks-jx.provider.aws",
      "instances": [
        {
          "index_key": 0,
          "schema_version": 1,
          "attributes": {
            "arn": "arn:aws:ec2:us-east-1:764217278004:subnet/subnet-083d38cc94cae41a5",
            "assign_ipv6_address_on_creation": false,
            "availability_zone": "us-east-1a",
            "availability_zone_id": "use1-az4",
            "cidr_block": "10.0.1.0/24",
            "id": "subnet-083d38cc94cae41a5",
            "ipv6_cidr_block": "",
            "ipv6_cidr_block_association_id": "",
            "map_public_ip_on_launch": true,
            "outpost_arn": "",
            "owner_id": "764217278004",
            "tags": {
              "Name": "tf-vpc-eks-public-us-east-1a",
              "kubernetes.io/cluster/tf-jx-evolved-mullet": "shared",
              "kubernetes.io/role/elb": "1"
            },
            "timeouts": null,
            "vpc_id": "vpc-09181e932edfd55df"
          },
          "private": "eyJlMmJmYjczMC1lY2FhLTExZTYtOGY4OC0zNDM2M2JjN2M0YzAiOnsiY3JlYXRlIjo2MDAwMDAwMDAwMDAsImRlbGV0ZSI6MTIwMDAwMDAwMDAwMH0sInNjaGVtYV92ZXJzaW9uIjoiMSJ9",
          "dependencies": [
            "module.eks-jx.module.cluster.module.vpc.aws_vpc.this",
            "module.eks-jx.module.cluster.module.vpc.aws_vpc_ipv4_cidr_block_association.this",
            "module.eks-jx.random_pet.current"
          ]
        },
        {
          "index_key": 1,
          "schema_version": 1,
          "attributes": {
            "arn": "arn:aws:ec2:us-east-1:764217278004:subnet/subnet-0e14c42b248a51b35",
            "assign_ipv6_address_on_creation": false,
            "availability_zone": "us-east-1b",
            "availability_zone_id": "use1-az6",
            "cidr_block": "10.0.2.0/24",
            "id": "subnet-0e14c42b248a51b35",
            "ipv6_cidr_block": "",
            "ipv6_cidr_block_association_id": "",
            "map_public_ip_on_launch": true,
            "outpost_arn": "",
            "owner_id": "764217278004",
            "tags": {
              "Name": "tf-vpc-eks-public-us-east-1b",
              "kubernetes.io/cluster/tf-jx-evolved-mullet": "shared",
              "kubernetes.io/role/elb": "1"
            },
            "timeouts": null,
            "vpc_id": "vpc-09181e932edfd55df"
          },
          "private": "eyJlMmJmYjczMC1lY2FhLTExZTYtOGY4OC0zNDM2M2JjN2M0YzAiOnsiY3JlYXRlIjo2MDAwMDAwMDAwMDAsImRlbGV0ZSI6MTIwMDAwMDAwMDAwMH0sInNjaGVtYV92ZXJzaW9uIjoiMSJ9",
          "dependencies": [
            "module.eks-jx.module.cluster.module.vpc.aws_vpc.this",
            "module.eks-jx.module.cluster.module.vpc.aws_vpc_ipv4_cidr_block_association.this",
            "module.eks-jx.random_pet.current"
          ]
        },
        {
          "index_key": 2,
          "schema_version": 1,
          "attributes": {
            "arn": "arn:aws:ec2:us-east-1:764217278004:subnet/subnet-03d1d35e4cfff9302",
            "assign_ipv6_address_on_creation": false,
            "availability_zone": "us-east-1c",
            "availability_zone_id": "use1-az1",
            "cidr_block": "10.0.3.0/24",
            "id": "subnet-03d1d35e4cfff9302",
            "ipv6_cidr_block": "",
            "ipv6_cidr_block_association_id": "",
            "map_public_ip_on_launch": true,
            "outpost_arn": "",
            "owner_id": "764217278004",
            "tags": {
              "Name": "tf-vpc-eks-public-us-east-1c",
              "kubernetes.io/cluster/tf-jx-evolved-mullet": "shared",
              "kubernetes.io/role/elb": "1"
            },
            "timeouts": null,
            "vpc_id": "vpc-09181e932edfd55df"
          },
          "private": "eyJlMmJmYjczMC1lY2FhLTExZTYtOGY4OC0zNDM2M2JjN2M0YzAiOnsiY3JlYXRlIjo2MDAwMDAwMDAwMDAsImRlbGV0ZSI6MTIwMDAwMDAwMDAwMH0sInNjaGVtYV92ZXJzaW9uIjoiMSJ9",
          "dependencies": [
            "module.eks-jx.module.cluster.module.vpc.aws_vpc.this",
            "module.eks-jx.module.cluster.module.vpc.aws_vpc_ipv4_cidr_block_association.this",
            "module.eks-jx.random_pet.current"
          ]
        }
      ]
    },
    {
      "module": "module.eks-jx.module.cluster.module.vpc",
      "mode": "managed",
      "type": "aws_subnet",
      "name": "redshift",
      "each": "list",
      "provider": "module.eks-jx.provider.aws",
      "instances": []
    },
    {
      "module": "module.eks-jx.module.cluster.module.vpc",
      "mode": "managed",
      "type": "aws_vpc",
      "name": "this",
      "each": "list",
      "provider": "module.eks-jx.provider.aws",
      "instances": [
        {
          "index_key": 0,
          "schema_version": 1,
          "attributes": {
            "arn": "arn:aws:ec2:us-east-1:764217278004:vpc/vpc-09181e932edfd55df",
            "assign_generated_ipv6_cidr_block": false,
            "cidr_block": "10.0.0.0/16",
            "default_network_acl_id": "acl-0c6f60ae791808950",
            "default_route_table_id": "rtb-0d06bef98c24377fc",
            "default_security_group_id": "sg-04372d76761b28e60",
            "dhcp_options_id": "dopt-61fe7d1b",
            "enable_classiclink": false,
            "enable_classiclink_dns_support": false,
            "enable_dns_hostnames": true,
            "enable_dns_support": true,
            "id": "vpc-09181e932edfd55df",
            "instance_tenancy": "default",
            "ipv6_association_id": "",
            "ipv6_cidr_block": "",
            "main_route_table_id": "rtb-0d06bef98c24377fc",
            "owner_id": "764217278004",
            "tags": {
              "Name": "tf-vpc-eks",
              "kubernetes.io/cluster/tf-jx-evolved-mullet": "shared"
            }
          },
          "private": "eyJzY2hlbWFfdmVyc2lvbiI6IjEifQ==",
          "dependencies": [
            "module.eks-jx.random_pet.current"
          ]
        }
      ]
    },
    {
      "module": "module.eks-jx.module.cluster.module.vpc",
      "mode": "managed",
      "type": "aws_vpc_dhcp_options",
      "name": "this",
      "each": "list",
      "provider": "module.eks-jx.provider.aws",
      "instances": []
    },
    {
      "module": "module.eks-jx.module.cluster.module.vpc",
      "mode": "managed",
      "type": "aws_vpc_dhcp_options_association",
      "name": "this",
      "each": "list",
      "provider": "module.eks-jx.provider.aws",
      "instances": []
    },
    {
      "module": "module.eks-jx.module.cluster.module.vpc",
      "mode": "managed",
      "type": "aws_vpc_endpoint",
      "name": "apigw",
      "each": "list",
      "provider": "module.eks-jx.provider.aws",
      "instances": []
    },
    {
      "module": "module.eks-jx.module.cluster.module.vpc",
      "mode": "managed",
      "type": "aws_vpc_endpoint",
      "name": "cloudtrail",
      "each": "list",
      "provider": "module.eks-jx.provider.aws",
      "instances": []
    },
    {
      "module": "module.eks-jx.module.cluster.module.vpc",
      "mode": "managed",
      "type": "aws_vpc_endpoint",
      "name": "dynamodb",
      "each": "list",
      "provider": "module.eks-jx.provider.aws",
      "instances": []
    },
    {
      "module": "module.eks-jx.module.cluster.module.vpc",
      "mode": "managed",
      "type": "aws_vpc_endpoint",
      "name": "ec2",
      "each": "list",
      "provider": "module.eks-jx.provider.aws",
      "instances": []
    },
    {
      "module": "module.eks-jx.module.cluster.module.vpc",
      "mode": "managed",
      "type": "aws_vpc_endpoint",
      "name": "ec2messages",
      "each": "list",
      "provider": "module.eks-jx.provider.aws",
      "instances": []
    },
    {
      "module": "module.eks-jx.module.cluster.module.vpc",
      "mode": "managed",
      "type": "aws_vpc_endpoint",
      "name": "ecr_api",
      "each": "list",
      "provider": "module.eks-jx.provider.aws",
      "instances": []
    },
    {
      "module": "module.eks-jx.module.cluster.module.vpc",
      "mode": "managed",
      "type": "aws_vpc_endpoint",
      "name": "ecr_dkr",
      "each": "list",
      "provider": "module.eks-jx.provider.aws",
      "instances": []
    },
    {
      "module": "module.eks-jx.module.cluster.module.vpc",
      "mode": "managed",
      "type": "aws_vpc_endpoint",
      "name": "ecs",
      "each": "list",
      "provider": "module.eks-jx.provider.aws",
      "instances": []
    },
    {
      "module": "module.eks-jx.module.cluster.module.vpc",
      "mode": "managed",
      "type": "aws_vpc_endpoint",
      "name": "ecs_agent",
      "each": "list",
      "provider": "module.eks-jx.provider.aws",
      "instances": []
    },
    {
      "module": "module.eks-jx.module.cluster.module.vpc",
      "mode": "managed",
      "type": "aws_vpc_endpoint",
      "name": "ecs_telemetry",
      "each": "list",
      "provider": "module.eks-jx.provider.aws",
      "instances": []
    },
    {
      "module": "module.eks-jx.module.cluster.module.vpc",
      "mode": "managed",
      "type": "aws_vpc_endpoint",
      "name": "elasticloadbalancing",
      "each": "list",
      "provider": "module.eks-jx.provider.aws",
      "instances": []
    },
    {
      "module": "module.eks-jx.module.cluster.module.vpc",
      "mode": "managed",
      "type": "aws_vpc_endpoint",
      "name": "events",
      "each": "list",
      "provider": "module.eks-jx.provider.aws",
      "instances": []
    },
    {
      "module": "module.eks-jx.module.cluster.module.vpc",
      "mode": "managed",
      "type": "aws_vpc_endpoint",
      "name": "kms",
      "each": "list",
      "provider": "module.eks-jx.provider.aws",
      "instances": []
    },
    {
      "module": "module.eks-jx.module.cluster.module.vpc",
      "mode": "managed",
      "type": "aws_vpc_endpoint",
      "name": "logs",
      "each": "list",
      "provider": "module.eks-jx.provider.aws",
      "instances": []
    },
    {
      "module": "module.eks-jx.module.cluster.module.vpc",
      "mode": "managed",
      "type": "aws_vpc_endpoint",
      "name": "monitoring",
      "each": "list",
      "provider": "module.eks-jx.provider.aws",
      "instances": []
    },
    {
      "module": "module.eks-jx.module.cluster.module.vpc",
      "mode": "managed",
      "type": "aws_vpc_endpoint",
      "name": "s3",
      "each": "list",
      "provider": "module.eks-jx.provider.aws",
      "instances": []
    },
    {
      "module": "module.eks-jx.module.cluster.module.vpc",
      "mode": "managed",
      "type": "aws_vpc_endpoint",
      "name": "sns",
      "each": "list",
      "provider": "module.eks-jx.provider.aws",
      "instances": []
    },
    {
      "module": "module.eks-jx.module.cluster.module.vpc",
      "mode": "managed",
      "type": "aws_vpc_endpoint",
      "name": "sqs",
      "each": "list",
      "provider": "module.eks-jx.provider.aws",
      "instances": []
    },
    {
      "module": "module.eks-jx.module.cluster.module.vpc",
      "mode": "managed",
      "type": "aws_vpc_endpoint",
      "name": "ssm",
      "each": "list",
      "provider": "module.eks-jx.provider.aws",
      "instances": []
    },
    {
      "module": "module.eks-jx.module.cluster.module.vpc",
      "mode": "managed",
      "type": "aws_vpc_endpoint",
      "name": "ssmmessages",
      "each": "list",
      "provider": "module.eks-jx.provider.aws",
      "instances": []
    },
    {
      "module": "module.eks-jx.module.cluster.module.vpc",
      "mode": "managed",
      "type": "aws_vpc_endpoint_route_table_association",
      "name": "intra_dynamodb",
      "each": "list",
      "provider": "module.eks-jx.provider.aws",
      "instances": []
    },
    {
      "module": "module.eks-jx.module.cluster.module.vpc",
      "mode": "managed",
      "type": "aws_vpc_endpoint_route_table_association",
      "name": "intra_s3",
      "each": "list",
      "provider": "module.eks-jx.provider.aws",
      "instances": []
    },
    {
      "module": "module.eks-jx.module.cluster.module.vpc",
      "mode": "managed",
      "type": "aws_vpc_endpoint_route_table_association",
      "name": "private_dynamodb",
      "each": "list",
      "provider": "module.eks-jx.provider.aws",
      "instances": []
    },
    {
      "module": "module.eks-jx.module.cluster.module.vpc",
      "mode": "managed",
      "type": "aws_vpc_endpoint_route_table_association",
      "name": "private_s3",
      "each": "list",
      "provider": "module.eks-jx.provider.aws",
      "instances": []
    },
    {
      "module": "module.eks-jx.module.cluster.module.vpc",
      "mode": "managed",
      "type": "aws_vpc_endpoint_route_table_association",
      "name": "public_dynamodb",
      "each": "list",
      "provider": "module.eks-jx.provider.aws",
      "instances": []
    },
    {
      "module": "module.eks-jx.module.cluster.module.vpc",
      "mode": "managed",
      "type": "aws_vpc_endpoint_route_table_association",
      "name": "public_s3",
      "each": "list",
      "provider": "module.eks-jx.provider.aws",
      "instances": []
    },
    {
      "module": "module.eks-jx.module.cluster.module.vpc",
      "mode": "managed",
      "type": "aws_vpc_ipv4_cidr_block_association",
      "name": "this",
      "each": "list",
      "provider": "module.eks-jx.provider.aws",
      "instances": []
    },
    {
      "module": "module.eks-jx.module.cluster.module.vpc",
      "mode": "managed",
      "type": "aws_vpn_gateway",
      "name": "this",
      "each": "list",
      "provider": "module.eks-jx.provider.aws",
      "instances": []
    },
    {
      "module": "module.eks-jx.module.cluster.module.vpc",
      "mode": "managed",
      "type": "aws_vpn_gateway_attachment",
      "name": "this",
      "each": "list",
      "provider": "module.eks-jx.provider.aws",
      "instances": []
    },
    {
      "module": "module.eks-jx.module.cluster.module.vpc",
      "mode": "managed",
      "type": "aws_vpn_gateway_route_propagation",
      "name": "private",
      "each": "list",
      "provider": "module.eks-jx.provider.aws",
      "instances": []
    },
    {
      "module": "module.eks-jx.module.cluster.module.vpc",
      "mode": "managed",
      "type": "aws_vpn_gateway_route_propagation",
      "name": "public",
      "each": "list",
      "provider": "module.eks-jx.provider.aws",
      "instances": []
    },
    {
      "module": "module.eks-jx.module.cluster.module.eks",
      "mode": "managed",
      "type": "kubernetes_config_map",
      "name": "aws_auth",
      "each": "list",
      "provider": "module.eks-jx.module.cluster.provider.kubernetes",
      "instances": [
        {
          "index_key": 0,
          "schema_version": 0,
          "attributes": {
            "binary_data": null,
            "data": {
              "mapAccounts": "[]\n",
              "mapRoles": "- rolearn: arn:aws:iam::764217278004:role/tf-jx-evolved-mullet2020062213280170170000000e\n  username: system:node:{{EC2PrivateDNSName}}\n  groups:\n    - system:bootstrappers\n    - system:nodes\n\n\n",
              "mapUsers": "[]\n"
            },
            "id": "kube-system/aws-auth",
            "metadata": [
              {
                "annotations": null,
                "generate_name": "",
                "generation": 0,
                "labels": null,
                "name": "aws-auth",
                "namespace": "kube-system",
                "resource_version": "800",
                "self_link": "/api/v1/namespaces/kube-system/configmaps/aws-auth",
                "uid": "8d03f6c0-b5cb-4866-8ebb-4427f623f011"
              }
            ]
          },
          "private": "bnVsbA==",
          "dependencies": [
            "module.eks-jx.module.cluster.module.eks.aws_cloudwatch_log_group.this",
            "module.eks-jx.module.cluster.module.eks.aws_eks_cluster.this",
            "module.eks-jx.module.cluster.module.eks.aws_iam_instance_profile.workers",
            "module.eks-jx.module.cluster.module.eks.aws_iam_role.cluster",
            "module.eks-jx.module.cluster.module.eks.aws_iam_role.workers",
            "module.eks-jx.module.cluster.module.eks.aws_iam_role_policy_attachment.cluster_AmazonEKSClusterPolicy",
            "module.eks-jx.module.cluster.module.eks.aws_iam_role_policy_attachment.cluster_AmazonEKSServicePolicy",
            "module.eks-jx.module.cluster.module.eks.aws_security_group.cluster",
            "module.eks-jx.module.cluster.module.eks.null_resource.wait_for_cluster",
            "module.eks-jx.module.cluster.module.vpc.aws_subnet.public",
            "module.eks-jx.module.cluster.module.vpc.aws_vpc.this",
            "module.eks-jx.module.cluster.module.vpc.aws_vpc_ipv4_cidr_block_association.this",
            "module.eks-jx.random_pet.current"
          ]
        }
      ]
    },
    {
      "module": "module.eks-jx.module.cluster",
      "mode": "managed",
      "type": "kubernetes_namespace",
      "name": "cert_manager",
      "provider": "module.eks-jx.module.cluster.provider.kubernetes",
      "instances": []
    },
    {
      "module": "module.eks-jx.module.cluster",
      "mode": "managed",
      "type": "kubernetes_namespace",
      "name": "jx",
      "provider": "module.eks-jx.module.cluster.provider.kubernetes",
      "instances": []
    },
    {
      "module": "module.eks-jx.module.cluster",
      "mode": "managed",
      "type": "kubernetes_service_account",
      "name": "cm-cainjector",
      "provider": "module.eks-jx.module.cluster.provider.kubernetes",
      "instances": []
    },
    {
      "module": "module.eks-jx.module.cluster",
      "mode": "managed",
      "type": "kubernetes_service_account",
      "name": "cm-cert-manager",
      "provider": "module.eks-jx.module.cluster.provider.kubernetes",
      "instances": []
    },
    {
      "module": "module.eks-jx.module.cluster",
      "mode": "managed",
      "type": "kubernetes_service_account",
      "name": "exdns-external-dns",
      "provider": "module.eks-jx.module.cluster.provider.kubernetes",
      "instances": []
    },
    {
      "module": "module.eks-jx.module.cluster",
      "mode": "managed",
      "type": "kubernetes_service_account",
      "name": "jenkins-x-controllerbuild",
      "provider": "module.eks-jx.module.cluster.provider.kubernetes",
      "instances": []
    },
    {
      "module": "module.eks-jx.module.cluster",
      "mode": "managed",
      "type": "kubernetes_service_account",
      "name": "jxui",
      "provider": "module.eks-jx.module.cluster.provider.kubernetes",
      "instances": []
    },
    {
      "module": "module.eks-jx.module.cluster",
      "mode": "managed",
      "type": "kubernetes_service_account",
      "name": "tekton-bot",
      "provider": "module.eks-jx.module.cluster.provider.kubernetes",
      "instances": []
    },
    {
      "module": "module.eks-jx",
      "mode": "managed",
      "type": "local_file",
      "name": "jx-requirements",
      "provider": "module.eks-jx.provider.local",
      "instances": []
    },
    {
      "module": "module.eks-jx.module.cluster.module.eks",
      "mode": "managed",
      "type": "local_file",
      "name": "kubeconfig",
      "each": "list",
      "provider": "module.eks-jx.provider.local",
      "instances": [
        {
          "index_key": 0,
          "schema_version": 0,
          "attributes": {
            "content": "apiVersion: v1\npreferences: {}\nkind: Config\n\nclusters:\n- cluster:\n    server: https://9593CF57BCF584C1C86ADCBA03901CA0.yl4.us-east-1.eks.amazonaws.com\n    certificate-authority-data: LS0tLS1CRUdJTiBDRVJUSUZJQ0FURS0tLS0tCk1JSUN5RENDQWJDZ0F3SUJBZ0lCQURBTkJna3Foa2lHOXcwQkFRc0ZBREFWTVJNd0VRWURWUVFERXdwcmRXSmwKY201bGRHVnpNQjRYRFRJd01EWXlNakV6TWpNME9Wb1hEVE13TURZeU1ERXpNak0wT1Zvd0ZURVRNQkVHQTFVRQpBeE1LYTNWaVpYSnVaWFJsY3pDQ0FTSXdEUVlKS29aSWh2Y05BUUVCQlFBRGdnRVBBRENDQVFvQ2dnRUJBTlpHCjFFbkhaRU4zaXljOEhWYjkrc29YcTVXVHJja1RISFhjZDRETUMzRjJWK3NKZHUzSkVSMjB5UnVkbmdqVVArdzQKRDE5WnN3d0xyL05jb2ZpcnVPdzk4bWtKQlZSdStNa0RtU1JycjljaDduU2tQaTE3RFBadmlkZGwxeGoyNzhVagp0bFB6cUQ2Yk1yNDZkencyanhpK0poOGNLWnpscUwveVhTbEl4NnNvOHlOMUpaQWhvcnRsYk9WQVYwWnp2VmhSCm5nMGJDZnZSNG5JU2sxdDRnOEk3N3RzQ3pZdFkvM0Q0UmE0K0NzbGZLQTk1ZG91Y3NmaUtVMEFldEFnbFFVdTQKbEFrZDVFZmZuNStUdTRmM1BIcmFlcldOQUwvNUV5LzY3K2M0Mk13YW1pVVFySXkwMnhONWd4UktKRTlvcFVMTQp4dXNMY0lHd3ExalB5TlVaSzU4Q0F3RUFBYU1qTUNFd0RnWURWUjBQQVFIL0JBUURBZ0trTUE4R0ExVWRFd0VCCi93UUZNQU1CQWY4d0RRWUpLb1pJaHZjTkFRRUxCUUFEZ2dFQkFBZjZxWWl3Njk4Qzg1V0pjaU5ldzBlNnBxUzMKWHZ1NXBpcTdTcjV2YnlHdWQxb0V4a3d0OEhueWRBWTJ6ZmFRR0RyejBjbGJJUW1nRkZVVmxCeHVhMURQZTFuTgpqUUVQMU85enpiZ1AwRU5remQxNEM4WDNWZ0tJckF4cDk0UTc1eGlhOWpWcC85dXEybmE3eHBzRUZycHZMMlViCkNPVmdsWCtQcUpFbHBncU52RFFvOC80c0lmUDZ5SjF2dWFnakhDY3lkTmhGTjllV1BwTkFWWnJKWVA1RXFsL2gKU2ZIZkJWb0VOVlZPUFB5ZzBqdGdsZXlFTEY4TVcwazU2ckZqSHhkdHpPN1J2TFlqSUpFNkJGbVp1VmE4RFl1aAptTy9qM1dCVGdQcGwyczhrSHZHNlZVN2wvb2RwZUJXTHJkVXRKQnlUbnVpWEdiOGRjRmdBRElUZmNpVT0KLS0tLS1FTkQgQ0VSVElGSUNBVEUtLS0tLQo=\n  name: eks_tf-jx-evolved-mullet\n\ncontexts:\n- context:\n    cluster: eks_tf-jx-evolved-mullet\n    user: eks_tf-jx-evolved-mullet\n  name: eks_tf-jx-evolved-mullet\n\ncurrent-context: eks_tf-jx-evolved-mullet\n\nusers:\n- name: eks_tf-jx-evolved-mullet\n  user:\n    exec:\n      apiVersion: client.authentication.k8s.io/v1alpha1\n      command: aws-iam-authenticator\n      args:\n        - \"token\"\n        - \"-i\"\n        - \"tf-jx-evolved-mullet\"\n\n\n",
            "content_base64": null,
            "directory_permission": "0777",
            "file_permission": "0777",
            "filename": "./kubeconfig_tf-jx-evolved-mullet",
            "id": "427364a02b24c6e43d90a3e345660ddd92fd7278",
            "sensitive_content": null
          },
          "private": "bnVsbA==",
          "dependencies": [
            "module.eks-jx.module.cluster.module.eks.aws_cloudwatch_log_group.this",
            "module.eks-jx.module.cluster.module.eks.aws_eks_cluster.this",
            "module.eks-jx.module.cluster.module.eks.aws_iam_role.cluster",
            "module.eks-jx.module.cluster.module.eks.aws_iam_role_policy_attachment.cluster_AmazonEKSClusterPolicy",
            "module.eks-jx.module.cluster.module.eks.aws_iam_role_policy_attachment.cluster_AmazonEKSServicePolicy",
            "module.eks-jx.module.cluster.module.eks.aws_security_group.cluster",
            "module.eks-jx.module.cluster.module.vpc.aws_subnet.public",
            "module.eks-jx.module.cluster.module.vpc.aws_vpc.this",
            "module.eks-jx.module.cluster.module.vpc.aws_vpc_ipv4_cidr_block_association.this",
            "module.eks-jx.random_pet.current"
          ]
        }
      ]
    },
    {
      "module": "module.eks-jx.module.cluster",
      "mode": "managed",
      "type": "null_resource",
      "name": "kubeconfig",
      "provider": "module.eks-jx.provider.null",
      "instances": [
        {
          "status": "tainted",
          "schema_version": 0,
          "attributes": {
            "id": "2427024954780693376",
            "triggers": null
          },
          "private": "bnVsbA==",
          "dependencies": [
            "module.eks-jx.module.cluster.module.eks.aws_autoscaling_group.workers",
            "module.eks-jx.module.cluster.module.eks.aws_autoscaling_group.workers_launch_template",
            "module.eks-jx.module.cluster.module.eks.aws_cloudwatch_log_group.this",
            "module.eks-jx.module.cluster.module.eks.aws_eks_cluster.this",
            "module.eks-jx.module.cluster.module.eks.aws_iam_instance_profile.workers",
            "module.eks-jx.module.cluster.module.eks.aws_iam_instance_profile.workers_launch_template",
            "module.eks-jx.module.cluster.module.eks.aws_iam_openid_connect_provider.oidc_provider",
            "module.eks-jx.module.cluster.module.eks.aws_iam_role.cluster",
            "module.eks-jx.module.cluster.module.eks.aws_iam_role.workers",
            "module.eks-jx.module.cluster.module.eks.aws_iam_role_policy_attachment.cluster_AmazonEKSClusterPolicy",
            "module.eks-jx.module.cluster.module.eks.aws_iam_role_policy_attachment.cluster_AmazonEKSServicePolicy",
            "module.eks-jx.module.cluster.module.eks.aws_iam_role_policy_attachment.workers_AmazonEC2ContainerRegistryReadOnly",
            "module.eks-jx.module.cluster.module.eks.aws_iam_role_policy_attachment.workers_AmazonEKSWorkerNodePolicy",
            "module.eks-jx.module.cluster.module.eks.aws_iam_role_policy_attachment.workers_AmazonEKS_CNI_Policy",
            "module.eks-jx.module.cluster.module.eks.aws_iam_role_policy_attachment.workers_additional_policies",
            "module.eks-jx.module.cluster.module.eks.aws_launch_configuration.workers",
            "module.eks-jx.module.cluster.module.eks.aws_launch_template.workers_launch_template",
            "module.eks-jx.module.cluster.module.eks.aws_security_group.cluster",
            "module.eks-jx.module.cluster.module.eks.aws_security_group.workers",
            "module.eks-jx.module.cluster.module.eks.aws_security_group_rule.cluster_egress_internet",
            "module.eks-jx.module.cluster.module.eks.aws_security_group_rule.cluster_https_worker_ingress",
            "module.eks-jx.module.cluster.module.eks.aws_security_group_rule.workers_egress_internet",
            "module.eks-jx.module.cluster.module.eks.aws_security_group_rule.workers_ingress_cluster",
            "module.eks-jx.module.cluster.module.eks.aws_security_group_rule.workers_ingress_cluster_https",
            "module.eks-jx.module.cluster.module.eks.aws_security_group_rule.workers_ingress_cluster_kubelet",
            "module.eks-jx.module.cluster.module.eks.aws_security_group_rule.workers_ingress_self",
            "module.eks-jx.module.cluster.module.eks.kubernetes_config_map.aws_auth",
            "module.eks-jx.module.cluster.module.eks.local_file.kubeconfig",
            "module.eks-jx.module.cluster.module.eks.module.node_groups.aws_eks_node_group.workers",
            "module.eks-jx.module.cluster.module.eks.module.node_groups.random_pet.node_groups",
            "module.eks-jx.module.cluster.module.eks.null_resource.wait_for_cluster",
            "module.eks-jx.module.cluster.module.eks.random_pet.workers",
            "module.eks-jx.module.cluster.module.eks.random_pet.workers_launch_template",
            "module.eks-jx.module.cluster.module.vpc.aws_subnet.public",
            "module.eks-jx.module.cluster.module.vpc.aws_vpc.this",
            "module.eks-jx.module.cluster.module.vpc.aws_vpc_ipv4_cidr_block_association.this",
            "module.eks-jx.random_pet.current"
          ]
        }
      ]
    },
    {
      "module": "module.eks-jx.module.cluster.module.eks",
      "mode": "managed",
      "type": "null_resource",
      "name": "wait_for_cluster",
      "each": "list",
      "provider": "module.eks-jx.provider.null",
      "instances": [
        {
          "index_key": 0,
          "schema_version": 0,
          "attributes": {
            "id": "5928245345407439466",
            "triggers": null
          },
          "private": "bnVsbA==",
          "dependencies": [
            "module.eks-jx.module.cluster.module.eks.aws_cloudwatch_log_group.this",
            "module.eks-jx.module.cluster.module.eks.aws_eks_cluster.this",
            "module.eks-jx.module.cluster.module.eks.aws_iam_role.cluster",
            "module.eks-jx.module.cluster.module.eks.aws_iam_role_policy_attachment.cluster_AmazonEKSClusterPolicy",
            "module.eks-jx.module.cluster.module.eks.aws_iam_role_policy_attachment.cluster_AmazonEKSServicePolicy",
            "module.eks-jx.module.cluster.module.eks.aws_security_group.cluster",
            "module.eks-jx.module.cluster.module.vpc.aws_subnet.public",
            "module.eks-jx.module.cluster.module.vpc.aws_vpc.this",
            "module.eks-jx.module.cluster.module.vpc.aws_vpc_ipv4_cidr_block_association.this",
            "module.eks-jx.random_pet.current"
          ]
        }
      ]
    },
    {
      "module": "module.eks-jx",
      "mode": "managed",
      "type": "random_pet",
      "name": "current",
      "provider": "module.eks-jx.provider.random",
      "instances": [
        {
          "schema_version": 0,
          "attributes": {
            "id": "tf-jx-evolved-mullet",
            "keepers": {
              "cluster_name": ""
            },
            "length": 2,
            "prefix": "tf-jx",
            "separator": "-"
          },
          "private": "bnVsbA=="
        }
      ]
    },
    {
      "module": "module.eks-jx.module.cluster.module.eks.module.node_groups",
      "mode": "managed",
      "type": "random_pet",
      "name": "node_groups",
      "each": "map",
      "provider": "module.eks-jx.module.cluster.provider.random",
      "instances": []
    },
    {
      "module": "module.eks-jx.module.cluster.module.eks",
      "mode": "managed",
      "type": "random_pet",
      "name": "workers",
      "each": "list",
      "provider": "module.eks-jx.module.cluster.provider.random",
      "instances": [
        {
          "index_key": 0,
          "schema_version": 0,
          "attributes": {
            "id": "real-bison",
            "keepers": {
              "lc_name": "tf-jx-evolved-mullet-worker-group-tf-jx-evolved-mullet20200622132807693600000015"
            },
            "length": 2,
            "prefix": null,
            "separator": "-"
          },
          "private": "bnVsbA==",
          "dependencies": [
            "module.eks-jx.module.cluster.module.eks.aws_cloudwatch_log_group.this",
            "module.eks-jx.module.cluster.module.eks.aws_eks_cluster.this",
            "module.eks-jx.module.cluster.module.eks.aws_iam_instance_profile.workers",
            "module.eks-jx.module.cluster.module.eks.aws_iam_role.cluster",
            "module.eks-jx.module.cluster.module.eks.aws_iam_role.workers",
            "module.eks-jx.module.cluster.module.eks.aws_iam_role_policy_attachment.cluster_AmazonEKSClusterPolicy",
            "module.eks-jx.module.cluster.module.eks.aws_iam_role_policy_attachment.cluster_AmazonEKSServicePolicy",
            "module.eks-jx.module.cluster.module.eks.aws_launch_configuration.workers",
            "module.eks-jx.module.cluster.module.eks.aws_security_group.cluster",
            "module.eks-jx.module.cluster.module.eks.aws_security_group.workers",
            "module.eks-jx.module.cluster.module.vpc.aws_subnet.public",
            "module.eks-jx.module.cluster.module.vpc.aws_vpc.this",
            "module.eks-jx.module.cluster.module.vpc.aws_vpc_ipv4_cidr_block_association.this",
            "module.eks-jx.random_pet.current"
          ]
        }
      ]
    },
    {
      "module": "module.eks-jx.module.cluster.module.eks",
      "mode": "managed",
      "type": "random_pet",
      "name": "workers_launch_template",
      "each": "list",
      "provider": "module.eks-jx.module.cluster.provider.random",
      "instances": []
    },
    {
      "module": "module.eks-jx",
      "mode": "managed",
      "type": "random_string",
      "name": "suffix",
      "provider": "module.eks-jx.provider.random",
      "instances": [
        {
          "schema_version": 1,
          "attributes": {
            "id": "0P9ywLdI",
            "keepers": null,
            "length": 8,
            "lower": true,
            "min_lower": 0,
            "min_numeric": 0,
            "min_special": 0,
            "min_upper": 0,
            "number": true,
            "override_special": null,
            "result": "0P9ywLdI",
            "special": false,
            "upper": true
          },
          "private": "eyJzY2hlbWFfdmVyc2lvbiI6IjEifQ=="
        }
      ]
    },
    {
      "module": "module.eks-jx.module.cluster",
      "mode": "managed",
      "type": "random_string",
      "name": "suffix",
      "provider": "module.eks-jx.module.cluster.provider.random",
      "instances": [
        {
          "schema_version": 1,
          "attributes": {
            "id": "FNtS4ebB",
            "keepers": null,
            "length": 8,
            "lower": true,
            "min_lower": 0,
            "min_numeric": 0,
            "min_special": 0,
            "min_upper": 0,
            "number": true,
            "override_special": null,
            "result": "FNtS4ebB",
            "special": false,
            "upper": true
          },
          "private": "eyJzY2hlbWFfdmVyc2lvbiI6IjEifQ=="
        }
      ]
    },
    {
      "module": "module.eks-jx.module.vault",
      "mode": "managed",
      "type": "random_string",
      "name": "suffix",
      "provider": "module.eks-jx.module.vault.provider.random",
      "instances": [
        {
          "schema_version": 1,
          "attributes": {
            "id": "KIKWr1r7",
            "keepers": null,
            "length": 8,
            "lower": true,
            "min_lower": 0,
            "min_numeric": 0,
            "min_special": 0,
            "min_upper": 0,
            "number": true,
            "override_special": null,
            "result": "KIKWr1r7",
            "special": false,
            "upper": true
          },
          "private": "eyJzY2hlbWFfdmVyc2lvbiI6IjEifQ=="
        }
      ]
    }
  ]
}
